{
  "originHash" : "d2c970b962dc70f6d67da3fe8ab7cf31a1820bb9995b44bb97e504db78c47a8b",
  "pins" : [
    {
      "identity" : "aptabase-swift",
      "kind" : "remoteSourceControl",
      "location" : "https://github.com/aptabase/aptabase-swift.git",
      "state" : {
        "revision" : "cfd67fac2a228d448d9d2ac92ffc71589cc3ef00",
        "version" : "0.3.11"
      }
    },
    {
      "identity" : "sparkle",
      "kind" : "remoteSourceControl",
      "location" : "https://github.com/sparkle-project/Sparkle.git",
      "state" : {
        "revision" : "79bc9e872948e47877e76f194cb0c8e0412b0b90",
        "version" : "2.9.5"
      }
    },
    {
      "identity" : "yams",
      "kind" : "remoteSourceControl",
      "location" : "https://github.com/jpsim/Yams.git",
      "state" : {
        "revision" : "3d6871d5b4a5cd519adf233fbb576e0a2af71c17",
        "version" : "5.4.0"
      }
    }
  ],
  "version" : 3
}
