// !$*UTF8*$!
{
	archiveVersion = 1;
	classes = {
	};
	objectVersion = 77;
	objects = {

/* Begin PBXBuildFile section */
		011F6A3C642A88D045102753 /* ManifestBlockTests.swift in Sources */ = {isa = PBXBuildFile; fileRef = 50F26613D3523CC89CAEE629 /* ManifestBlockTests.swift */; };
		04232A1F8E5CBB7994D3E498 /* StoreDiagnosticsPanel.swift in Sources */ = {isa = PBXBuildFile; fileRef = 1DA4D52C3FAD900F87D3E9D4 /* StoreDiagnosticsPanel.swift */; };
		06930BD80F48E1A064372E14 /* StoreSelection.swift in Sources */ = {isa = PBXBuildFile; fileRef = C91945C6121D0FE2ADC5C94F /* StoreSelection.swift */; };
		070C12160F7B462D28E18B81 /* OfferEditor.swift in Sources */ = {isa = PBXBuildFile; fileRef = 92CC10AAB4F6572C96CD9F98 /* OfferEditor.swift */; };
		0C6852E34898886007962FCA /* GoogleCatalog.swift in Sources */ = {isa = PBXBuildFile; fileRef = D6B3C80E73476706F86823EA /* GoogleCatalog.swift */; };
		0F5770FA7D41E1A2D3C67CBD /* SubmitKit.framework in Frameworks */ = {isa = PBXBuildFile; fileRef = 0F0A38C40B86738E2ABCE03A /* SubmitKit.framework */; };
		0F5A529BE543E831DF44DDC6 /* GooglePlayGapTests.swift in Sources */ = {isa = PBXBuildFile; fileRef = 93181C8DC0781E6FBE6E8267 /* GooglePlayGapTests.swift */; };
		114F6E5A94D031BC16E25734 /* Manifest.swift in Sources */ = {isa = PBXBuildFile; fileRef = 125542C9DF2F69ED1E405146 /* Manifest.swift */; };
		1161CC92C0496D661C068BBC /* YAMLFidelityTests.swift in Sources */ = {isa = PBXBuildFile; fileRef = 2201F42616724812E01D271C /* YAMLFidelityTests.swift */; };
		1391DFA85273D4E1A9B7E468 /* SubmitKit.framework in Embed Frameworks */ = {isa = PBXBuildFile; fileRef = 0F0A38C40B86738E2ABCE03A /* SubmitKit.framework */; settings = {ATTRIBUTES = (CodeSignOnCopy, RemoveHeadersOnCopy, ); }; };
		141F8A18F1CF2F29288CE1BB /* PostHog in Frameworks */ = {isa = PBXBuildFile; productRef = CF7B2BCCCD28B1CC68E61CC0 /* PostHog */; };
		1584043AE485767DE9EFADE9 /* StoreVitalsClient.swift in Sources */ = {isa = PBXBuildFile; fileRef = 5E03D77E5EACC67FD82CB493 /* StoreVitalsClient.swift */; };
		19F67A83CCD24C23ECEB5629 /* AssetInspector.swift in Sources */ = {isa = PBXBuildFile; fileRef = 7F2F0E3557D54D9B3F946072 /* AssetInspector.swift */; };
		1B25D24EE6D4C6D94E770D16 /* AppState.swift in Sources */ = {isa = PBXBuildFile; fileRef = 386169BC69A8E699748AE3AC /* AppState.swift */; };
		1CAA1EE5153F2DB7276E8451 /* TabStructureTests.swift in Sources */ = {isa = PBXBuildFile; fileRef = 48B7D7160F37672B80B343B9 /* TabStructureTests.swift */; };
		1EE99FE798E4B23C662567B0 /* PlannerTests.swift in Sources */ = {isa = PBXBuildFile; fileRef = 54D8576A89F9578A2DA413B5 /* PlannerTests.swift */; };
		26B4B8EC2B79B091D7090022 /* ReviewInfoTab.swift in Sources */ = {isa = PBXBuildFile; fileRef = 041F7F4AB25F8958647863BA /* ReviewInfoTab.swift */; };
		26CE78492BC605FBDABDAFBD /* ActualState.swift in Sources */ = {isa = PBXBuildFile; fileRef = FAF4FCFC4A59055B1BA4CDA8 /* ActualState.swift */; };
		2B920DF6A3FBD642BAA29343 /* GoogleActionsPanelTests.swift in Sources */ = {isa = PBXBuildFile; fileRef = C555136432A192B5111694D2 /* GoogleActionsPanelTests.swift */; };
		2DE34F786B0F293D3A365470 /* SettingsPanel.swift in Sources */ = {isa = PBXBuildFile; fileRef = C41BC3684D9EAD02C78DA986 /* SettingsPanel.swift */; };
		2EBA77B2C836B214F242EE28 /* MediaTab.swift in Sources */ = {isa = PBXBuildFile; fileRef = 3D91EA1D4DAB192A7E79D52C /* MediaTab.swift */; };
		30691A3DA2AEAA507A299B09 /* PlanTab.swift in Sources */ = {isa = PBXBuildFile; fileRef = A516E6CD3FCB821FB333310F /* PlanTab.swift */; };
		316D131EA0C23D5E1610E128 /* StoreSnapshot.swift in Sources */ = {isa = PBXBuildFile; fileRef = 234CEE3E04249CA744E9FBB0 /* StoreSnapshot.swift */; };
		3196AF55A7448A7FAD213FE7 /* UploadService.swift in Sources */ = {isa = PBXBuildFile; fileRef = C7DF63306FED48988313FED2 /* UploadService.swift */; };
		321F8A0AB936919FA72CF1CD /* CommandRunner.swift in Sources */ = {isa = PBXBuildFile; fileRef = 233A3F24548DC6B4BC41FFA1 /* CommandRunner.swift */; };
		3513A5966C61DD01429D9091 /* ConsoleChecklist.swift in Sources */ = {isa = PBXBuildFile; fileRef = 4041BBC96E546A5C3B189D36 /* ConsoleChecklist.swift */; };
		35A10BCD55EF3CA63550DB4F /* AppPackage.swift in Sources */ = {isa = PBXBuildFile; fileRef = 3D599490508F1A14C5820F09 /* AppPackage.swift */; };
		3A17277203EF28D42CD7EBED /* MenuBarPopover.swift in Sources */ = {isa = PBXBuildFile; fileRef = 5B843901D2B0B6BADB67B316 /* MenuBarPopover.swift */; };
		3A237C2C616EAE1D774FE358 /* DetailsTab.swift in Sources */ = {isa = PBXBuildFile; fileRef = 1B1BACCC636778CEAA23A8EA /* DetailsTab.swift */; };
		3B29B4FE4D58B3480F21B6F2 /* AppleTestFlightClient.swift in Sources */ = {isa = PBXBuildFile; fileRef = A83EA590BBEA58B29C99A6BA /* AppleTestFlightClient.swift */; };
		3D5340111B57CD2CADDE092B /* StoreAPI.swift in Sources */ = {isa = PBXBuildFile; fileRef = AEE48EB35019BAEE0BE9A646 /* StoreAPI.swift */; };
		400A6F5920629C95F4A34A1B /* AppleKeyIDTests.swift in Sources */ = {isa = PBXBuildFile; fileRef = 91E21F4F8E9681197F6ACE94 /* AppleKeyIDTests.swift */; };
		41CB1EE794CDAB45A3C8EE36 /* StoreDiagnostics.swift in Sources */ = {isa = PBXBuildFile; fileRef = 391257D4800C5167DF63F1FB /* StoreDiagnostics.swift */; };
		4699675BB672899962203F06 /* StoreImportReaderTests.swift in Sources */ = {isa = PBXBuildFile; fileRef = 21CC445E1B00EA868C8788A8 /* StoreImportReaderTests.swift */; };
		47584C4486DB9641E4C6E106 /* StoreCoverageTests.swift in Sources */ = {isa = PBXBuildFile; fileRef = 440EA0A518B9A796B8CBA130 /* StoreCoverageTests.swift */; };
		4A8EE31346BF79191030021B /* ConsoleChecklistTests.swift in Sources */ = {isa = PBXBuildFile; fileRef = 18027E4A08DB8F660315C028 /* ConsoleChecklistTests.swift */; };
		4B76E33517B6594891F7FCD3 /* Theme.swift in Sources */ = {isa = PBXBuildFile; fileRef = B9FC1FA910D79B3D3ED2FB4F /* Theme.swift */; };
		4BBF9997B69994DE3558D2DD /* AppStateGoogleActions.swift in Sources */ = {isa = PBXBuildFile; fileRef = E9A1913387574636BF5B1062 /* AppStateGoogleActions.swift */; };
		4C5125281AB8833C02CE6B86 /* ExistingAppImportTests.swift in Sources */ = {isa = PBXBuildFile; fileRef = A1FDC311FE6663720F580BBA /* ExistingAppImportTests.swift */; };
		4CA3A601A81E0CC018CF74D9 /* PriceDraft.swift in Sources */ = {isa = PBXBuildFile; fileRef = 624A241FEC59B61D4122D435 /* PriceDraft.swift */; };
		4E0B74C2CB8334E6973E8DE7 /* CatalogAndMarketingTests.swift in Sources */ = {isa = PBXBuildFile; fileRef = 66B0D9F08A0D8947E42BFF7F /* CatalogAndMarketingTests.swift */; };
		4EAE7ACFB6C1508C4D9699A0 /* TopBar.swift in Sources */ = {isa = PBXBuildFile; fileRef = 173D08DC167E430EDF6B2071 /* TopBar.swift */; };
		4EB50C468BFAD5941DA58FC8 /* ValidatorTests.swift in Sources */ = {isa = PBXBuildFile; fileRef = E023895E24988E09D1B1480A /* ValidatorTests.swift */; };
		50B2AF3924E97DA20BD3F820 /* RuntimePlaceholderTests.swift in Sources */ = {isa = PBXBuildFile; fileRef = F29CCFB0C775C2C3BC49A29C /* RuntimePlaceholderTests.swift */; };
		52F03A056D7BF750D953FC53 /* PackageReaderTests.swift in Sources */ = {isa = PBXBuildFile; fileRef = 230C5A844A3509EB5DF115C0 /* PackageReaderTests.swift */; };
		530A43C6C1763DE8F8E08836 /* SuperSubmitterApp.swift in Sources */ = {isa = PBXBuildFile; fileRef = CC15B00B50A626A5F4200EF8 /* SuperSubmitterApp.swift */; };
		55CE06F6D950B18D5222F276 /* ProjectDiscovery.swift in Sources */ = {isa = PBXBuildFile; fileRef = DA1117E3BE5331194E42ADC9 /* ProjectDiscovery.swift */; };
		58F248D6A9D53BAAD9E22788 /* AppStateRun.swift in Sources */ = {isa = PBXBuildFile; fileRef = E3AA57DF716DDDCF5552F76F /* AppStateRun.swift */; };
		5A5AA8F8953D57357C9DF875 /* AndroidManifest.pb in Resources */ = {isa = PBXBuildFile; fileRef = B4CDB9A4E6D89AF09E2C51A2 /* AndroidManifest.pb */; };
		5BB3EED42330645D14C4A588 /* StatusReader.swift in Sources */ = {isa = PBXBuildFile; fileRef = 29104E1FA3BB399C3F6D6180 /* StatusReader.swift */; };
		5D2BA12F88D7562DBBF950BB /* Redaction.swift in Sources */ = {isa = PBXBuildFile; fileRef = 2AE871FE21655B5878BD19A1 /* Redaction.swift */; };
		5D3969DAC2D6E8C4A65C85D3 /* BuildFlowRun.swift in Sources */ = {isa = PBXBuildFile; fileRef = EF116D2CBC71AB75AA21129C /* BuildFlowRun.swift */; };
		61410815C5F8D4261E355306 /* AppStateExistingImport.swift in Sources */ = {isa = PBXBuildFile; fileRef = 4EBD6FED9F592D6DC5898FB2 /* AppStateExistingImport.swift */; };
		61D137CE5F8D28EDAD2B28B0 /* AppleApply.swift in Sources */ = {isa = PBXBuildFile; fileRef = 5113C7F49B355D564BB9796B /* AppleApply.swift */; };
		6218146ED95885FB74E44A8C /* AppleActionsClient.swift in Sources */ = {isa = PBXBuildFile; fileRef = 7B31BB11B6B6883A59E3B6AE /* AppleActionsClient.swift */; };
		660667194BAFF16B78D85CCD /* Assets.xcassets in Resources */ = {isa = PBXBuildFile; fileRef = 94ABF7EDA91568EFB6310536 /* Assets.xcassets */; };
		6854F943A12AB2FDA9E6CCC8 /* BuildDiscoveryTests.swift in Sources */ = {isa = PBXBuildFile; fileRef = 333E602808CC7A34C587B454 /* BuildDiscoveryTests.swift */; };
		68A15B4595D1A6C9B3C52985 /* GoogleCatalogClient.swift in Sources */ = {isa = PBXBuildFile; fileRef = 644F3BF0C515DF65ADD79CDB /* GoogleCatalogClient.swift */; };
		68AF48841AEB852785BF4DA2 /* AppStateMarketingApply.swift in Sources */ = {isa = PBXBuildFile; fileRef = 00AD4377262D22043ADD9A3A /* AppStateMarketingApply.swift */; };
		6B4D0B0EA41EF20B6DB5AD28 /* XcodeCloudClient.swift in Sources */ = {isa = PBXBuildFile; fileRef = 730E0BCE7CDDE9DFCCC844DA /* XcodeCloudClient.swift */; };
		6CB056B9EBC52C5191BAF946 /* BuildTab.swift in Sources */ = {isa = PBXBuildFile; fileRef = 30D4C875E4DDDAD0E5173D72 /* BuildTab.swift */; };
		706158880622564DEDDF1523 /* Yams in Frameworks */ = {isa = PBXBuildFile; productRef = 3E24EFA40C6001AC87CB30E8 /* Yams */; };
		7182CE48903F188F8BF8AB36 /* GooglePlayPanels.swift in Sources */ = {isa = PBXBuildFile; fileRef = 4631D9937E6EB1AE1BA61A1C /* GooglePlayPanels.swift */; };
		725893D2A368CB0E69A76ED9 /* StoreImportReader.swift in Sources */ = {isa = PBXBuildFile; fileRef = 5E48B63C295F6C782072D309 /* StoreImportReader.swift */; };
		72856A3A54EA6635E8F43083 /* GoogleArtifactTests.swift in Sources */ = {isa = PBXBuildFile; fileRef = 7AD41B89B54A1D15B576B54E /* GoogleArtifactTests.swift */; };
		757C281F2EF136DB96DDAA88 /* AppleBuildService.swift in Sources */ = {isa = PBXBuildFile; fileRef = E74E2FD14F99B42014E7C967 /* AppleBuildService.swift */; };
		787090BDBED28F6E8D8675AB /* Sidebar.swift in Sources */ = {isa = PBXBuildFile; fileRef = 8D79C5DE3F2E7E5B601B24DD /* Sidebar.swift */; };
		7BAC8763E43C84592CEA6BAF /* PostHogClient.swift in Sources */ = {isa = PBXBuildFile; fileRef = D7E65258B651A45C64DE1F83 /* PostHogClient.swift */; };
		7C52B9F0947EE5EA75085AF5 /* AppleMarketing.swift in Sources */ = {isa = PBXBuildFile; fileRef = FBB41041C7A6A47CB6BA5FF6 /* AppleMarketing.swift */; };
		7E56642B8A4955C0DF5C91C2 /* RemoteSafetyTests.swift in Sources */ = {isa = PBXBuildFile; fileRef = 1F000E34291F48D1BDA5A72E /* RemoteSafetyTests.swift */; };
		7FC432426D57FA25E2FD9433 /* AppIconTests.swift in Sources */ = {isa = PBXBuildFile; fileRef = 73E24AAA8D152CDC338E536D /* AppIconTests.swift */; };
		80D144147395B49327EAA66C /* VitalsPanel.swift in Sources */ = {isa = PBXBuildFile; fileRef = B222798FBF3DC0E4B6D9DCE6 /* VitalsPanel.swift */; };
		82A164B4436F5ED3ADD99138 /* AppStateAppleActions.swift in Sources */ = {isa = PBXBuildFile; fileRef = F40AF41EE8A5F072EFBAD071 /* AppStateAppleActions.swift */; };
		8416B3C3BA66D2B5691A1178 /* SubmitKit.framework in Embed Frameworks */ = {isa = PBXBuildFile; fileRef = 0F0A38C40B86738E2ABCE03A /* SubmitKit.framework */; settings = {ATTRIBUTES = (CodeSignOnCopy, RemoveHeadersOnCopy, ); }; };
		85182B476C60DAF6322F18A1 /* AppStateCatalog.swift in Sources */ = {isa = PBXBuildFile; fileRef = B41DF84B54D31B54FACFEA4F /* AppStateCatalog.swift */; };
		85ECEB14517B8A2A9F13B748 /* ReleaseClient.swift in Sources */ = {isa = PBXBuildFile; fileRef = 8D0C17A03108A0D101068749 /* ReleaseClient.swift */; };
		88706A2206A6D167031D5C00 /* AppStateArtifacts.swift in Sources */ = {isa = PBXBuildFile; fileRef = 75812E72D8517689DBB03F82 /* AppStateArtifacts.swift */; };
		8E1B38B255D980F39FA2C3B7 /* ManagingTabs.swift in Sources */ = {isa = PBXBuildFile; fileRef = BCB1E1387A606C12224884C7 /* ManagingTabs.swift */; };
		8E42713758764C12892142D6 /* StoreSnapshotTests.swift in Sources */ = {isa = PBXBuildFile; fileRef = 1078FF3E049104204DA90EFF /* StoreSnapshotTests.swift */; };
		8E6F8C103D3355F696E3C3CB /* ManifestEditing.swift in Sources */ = {isa = PBXBuildFile; fileRef = DE68BE6466E075A815F827DF /* ManifestEditing.swift */; };
		9036758C8FB9C8BF09B765FF /* BindingLimitsTests.swift in Sources */ = {isa = PBXBuildFile; fileRef = 5A67B6ECB1980E83D80C7245 /* BindingLimitsTests.swift */; };
		920195C212422C9A6B85D01A /* ManifestTests.swift in Sources */ = {isa = PBXBuildFile; fileRef = 2C8DF457A1D20CFB570F21A9 /* ManifestTests.swift */; };
		9D21037A87BCF8695A14D7CA /* CoverageGapTests.swift in Sources */ = {isa = PBXBuildFile; fileRef = 369BD68FC3B4A58C282FA68C /* CoverageGapTests.swift */; };
		A17155D72A9F7E0EA624EE63 /* SubmitTab.swift in Sources */ = {isa = PBXBuildFile; fileRef = FA854F3404BF83F5D20FC91D /* SubmitTab.swift */; };
		A2B2E86A33D5389C6B28683E /* UploadRun.swift in Sources */ = {isa = PBXBuildFile; fileRef = A4D1B38E1BC07601F5407CE3 /* UploadRun.swift */; };
		A7BC7411ABBA934D1E15DD54 /* BuildModels.swift in Sources */ = {isa = PBXBuildFile; fileRef = 6DE54D096EF55A82E4DEB084 /* BuildModels.swift */; };
		A7BC8EEAAF218D2A98D5EABD /* ToolProcessTests.swift in Sources */ = {isa = PBXBuildFile; fileRef = 2AE25EB6EE4E699B2EC3E7B0 /* ToolProcessTests.swift */; };
		A832625613AAB63B47983FB8 /* SubmitKit.framework in Frameworks */ = {isa = PBXBuildFile; fileRef = 0F0A38C40B86738E2ABCE03A /* SubmitKit.framework */; };
		A869655F8A2E446669E2C5D7 /* PlayMarkTests.swift in Sources */ = {isa = PBXBuildFile; fileRef = EA20D03CFA77AF800B818FB1 /* PlayMarkTests.swift */; };
		A9A480FFB5A1DB4185CB37D6 /* AppStorePanels.swift in Sources */ = {isa = PBXBuildFile; fileRef = 35D49903E91FE8C20866E17B /* AppStorePanels.swift */; };
		AAE43DA4ABC43627D75C71B3 /* ManifestDrafts.swift in Sources */ = {isa = PBXBuildFile; fileRef = 514BD0BE0520FD8F26338DB8 /* ManifestDrafts.swift */; };
		AC51904FE56A1C1FBB6B258A /* Credentials.swift in Sources */ = {isa = PBXBuildFile; fileRef = 2C9E25B3162E791B57E85330 /* Credentials.swift */; };
		ACA4BE2A48864A4C49A13960 /* BindingLimits.swift in Sources */ = {isa = PBXBuildFile; fileRef = B552F0B4703F1833D8640EF6 /* BindingLimits.swift */; };
		ADFA52DF2F75227B61890394 /* UploadStateTests.swift in Sources */ = {isa = PBXBuildFile; fileRef = E2BC630E6C38260E7F793896 /* UploadStateTests.swift */; };
		B0782B86CCCD9D6E3D6B4AE7 /* RunLogTests.swift in Sources */ = {isa = PBXBuildFile; fileRef = 04CF5A2F1272104249898E56 /* RunLogTests.swift */; };
		B2D0999070213E5AB76E174D /* RunLog.swift in Sources */ = {isa = PBXBuildFile; fileRef = 5ECDD17458C514D401C4D2F8 /* RunLog.swift */; };
		B5F84498304FABA8F28ED612 /* ProviderApply.swift in Sources */ = {isa = PBXBuildFile; fileRef = 06D91072D75E576ECF31AACC /* ProviderApply.swift */; };
		B62E106ADF359BEA077FADDB /* StoreConnectionClient.swift in Sources */ = {isa = PBXBuildFile; fileRef = F22E680C8C11A97942B4057D /* StoreConnectionClient.swift */; };
		B67BA79BC0F7F125C4078730 /* ReleaseTab.swift in Sources */ = {isa = PBXBuildFile; fileRef = FC097DCA30B2597397FCC4A8 /* ReleaseTab.swift */; };
		B69AA211EC7342E24F49B592 /* BuildStorage.swift in Sources */ = {isa = PBXBuildFile; fileRef = 2E478E4DC53EB86AD9227D47 /* BuildStorage.swift */; };
		BA2DD41E7277D265CFFD1F72 /* AppleCatalogClient.swift in Sources */ = {isa = PBXBuildFile; fileRef = 4A635A3AFE93A076F712DF77 /* AppleCatalogClient.swift */; };
		BAD1B5516B9F9D81FCA2EC27 /* ReleaseSheet.swift in Sources */ = {isa = PBXBuildFile; fileRef = 5F4F3378A0BEE186A462E629 /* ReleaseSheet.swift */; };
		BB68827901D56AB194F7B551 /* Planner.swift in Sources */ = {isa = PBXBuildFile; fileRef = D618A3822B48A5F3E8028ADE /* Planner.swift */; };
		BD67803523A7C5A0A05DC8A5 /* store.schema.json in Resources */ = {isa = PBXBuildFile; fileRef = 9F126F1158ED8BAA7AB499BC /* store.schema.json */; };
		BE96E12BD8444E627DCA4C3A /* RemoveLinkedAppTests.swift in Sources */ = {isa = PBXBuildFile; fileRef = 379E2A61EE4C2961128B9042 /* RemoveLinkedAppTests.swift */; };
		BFCE5FC2D25C810F88C234E3 /* GoogleApply.swift in Sources */ = {isa = PBXBuildFile; fileRef = 70E56FEDD63B145E32689CC5 /* GoogleApply.swift */; };
		C0033432DF46E4A5BB285FBC /* StateReader.swift in Sources */ = {isa = PBXBuildFile; fileRef = EC4609C1C1DC4FF0D6E8A6FA /* StateReader.swift */; };
		C1F59B28E0F0920AD38350DB /* ProviderConnectionClient.swift in Sources */ = {isa = PBXBuildFile; fileRef = F54480749BF84668C7766C7E /* ProviderConnectionClient.swift */; };
		C4C661FD62FA8FF5A66015B1 /* StorePathTests.swift in Sources */ = {isa = PBXBuildFile; fileRef = FB55B4C53BDCF96EEBBA3656 /* StorePathTests.swift */; };
		C5D2D71BDF83A54C4F1B6C44 /* ManifestEditingTests.swift in Sources */ = {isa = PBXBuildFile; fileRef = 425AF414536E2877618D5BBF /* ManifestEditingTests.swift */; };
		C930AE41EBBB327BEA8F9AB6 /* MoneyTab.swift in Sources */ = {isa = PBXBuildFile; fileRef = 88FFBAD82D86A4775D0AF48C /* MoneyTab.swift */; };
		CA3A815E6C174DD0ABE630C5 /* ReadBackTests.swift in Sources */ = {isa = PBXBuildFile; fileRef = 157C66C68A124365FC98C9F5 /* ReadBackTests.swift */; };
		CB864ED3360981839F130C9D /* AppStateMarketing.swift in Sources */ = {isa = PBXBuildFile; fileRef = DD81D4B5724302E529BD064E /* AppStateMarketing.swift */; };
		CE17E36BCBA0C984BD250AC8 /* AppIcon.png in Resources */ = {isa = PBXBuildFile; fileRef = FF23AA4C0151543B1900E997 /* AppIcon.png */; };
		D01BD63DF00FABF310CE0D9A /* Validator.swift in Sources */ = {isa = PBXBuildFile; fileRef = 75FB80ED135661ADCB92E60F /* Validator.swift */; };
		D0B52861B91905FC906B6DB9 /* AddLocaleSheet.swift in Sources */ = {isa = PBXBuildFile; fileRef = 16D8E1D137C2851EFBC3872F /* AddLocaleSheet.swift */; };
		D1CDEAADBC810D7896042EA3 /* Managed.swift in Sources */ = {isa = PBXBuildFile; fileRef = 4DE1B143847CE02CF815F91C /* Managed.swift */; };
		D54CE746D4D0C651B14378B5 /* JSON.swift in Sources */ = {isa = PBXBuildFile; fileRef = 9F2F9DFA6CAD9D61B55A5899 /* JSON.swift */; };
		D92B32DB48D0016E9173126F /* AndroidBuildService.swift in Sources */ = {isa = PBXBuildFile; fileRef = 2EF39FCAEF6F8F553220AC24 /* AndroidBuildService.swift */; };
		DF06F6117F56D91F5956BD8C /* ToolProcess.swift in Sources */ = {isa = PBXBuildFile; fileRef = BEFADD5D0C024A395A42101D /* ToolProcess.swift */; };
		DFABFB6B38129BD98E3C6C45 /* StoresTab.swift in Sources */ = {isa = PBXBuildFile; fileRef = 6E0A38CD258BBFB146CDAF85 /* StoresTab.swift */; };
		E3AAC9F3AEC53746DC5FEAE2 /* BuildFromProjectView.swift in Sources */ = {isa = PBXBuildFile; fileRef = F6E1B5C011E3DC54A2ED2F08 /* BuildFromProjectView.swift */; };
		E41CD22114AE0640251C380E /* ManifestBlocks.swift in Sources */ = {isa = PBXBuildFile; fileRef = 6DD54A6C465F1780A1344BAF /* ManifestBlocks.swift */; };
		E51772E36D69CABFEC47E053 /* StoreMark.swift in Sources */ = {isa = PBXBuildFile; fileRef = 30A17C7F3344A746710460DD /* StoreMark.swift */; };
		E550C88143E712EAA76C1420 /* RootView.swift in Sources */ = {isa = PBXBuildFile; fileRef = 3BE9B11225EBCA1175F86028 /* RootView.swift */; };
		E69097C498FD20F8742C42AC /* DemoData.swift in Sources */ = {isa = PBXBuildFile; fileRef = C7E3BB00DDBA70D1521D8CC0 /* DemoData.swift */; };
		E87F3026CA9AC136AD93E44A /* XcodeCloudPanel.swift in Sources */ = {isa = PBXBuildFile; fileRef = 98AD0829DC97ED0C890FEF3E /* XcodeCloudPanel.swift */; };
		EAA558832C6FAAE3CCCF1BE3 /* Runner.swift in Sources */ = {isa = PBXBuildFile; fileRef = BC3602DC179AF46821363E1A /* Runner.swift */; };
		EE68E039BD15D8D0C260A9D7 /* ExistingAppImport.swift in Sources */ = {isa = PBXBuildFile; fileRef = 149E97C967CC8966ED2C29DB /* ExistingAppImport.swift */; };
		EEE3B2FC2F61E042BD0CCFA2 /* TabContent.swift in Sources */ = {isa = PBXBuildFile; fileRef = ECCA4138B5E91EB580C3D18D /* TabContent.swift */; };
		F39F7E355F37B20BF46985CD /* BuildFlow.swift in Sources */ = {isa = PBXBuildFile; fileRef = 065E15DF6AFE7DCA28B9E994 /* BuildFlow.swift */; };
		F72277A85EE651C7DDD90F59 /* MarketingTab.swift in Sources */ = {isa = PBXBuildFile; fileRef = 6C0183D2E989679F9F418ACC /* MarketingTab.swift */; };
		F82ADF7D6568471646AD461D /* OnboardingPanel.swift in Sources */ = {isa = PBXBuildFile; fileRef = 2D79543711F7C6E1462DED4B /* OnboardingPanel.swift */; };
		F8BE96D6021A97655433EC7F /* screenshot-sizes.json in Resources */ = {isa = PBXBuildFile; fileRef = A68D788C058A969747CCDAA8 /* screenshot-sizes.json */; };
		FA6146E83AAD3EADDBE3B3B5 /* ExistingAppImportSheet.swift in Sources */ = {isa = PBXBuildFile; fileRef = 2A36C4DB016021EBF8FC5FAA /* ExistingAppImportSheet.swift */; };
		FAC7D4EC0745F35E909A8F0A /* PlanStep.swift in Sources */ = {isa = PBXBuildFile; fileRef = 220A6E0FD20FA397139568C1 /* PlanStep.swift */; };
		FAF804DE2D9D05F6EB014D58 /* ProtoManifest.swift in Sources */ = {isa = PBXBuildFile; fileRef = 6D33E2834F78C9B6DF4C98CB /* ProtoManifest.swift */; };
		FB7F57877611E186A8058525 /* GoogleActionsClient.swift in Sources */ = {isa = PBXBuildFile; fileRef = 281FA294F1C5C5D34164D838 /* GoogleActionsClient.swift */; };
		FCA2F3D95DF8B67FBDEC8561 /* ManifestFile.swift in Sources */ = {isa = PBXBuildFile; fileRef = 11F487A6A33C04D956210C7B /* ManifestFile.swift */; };
		FCAD049B51F10F0C25DA08F3 /* AppleTestFlight.swift in Sources */ = {isa = PBXBuildFile; fileRef = 9991048BBA83F9E9DC9F2AB2 /* AppleTestFlight.swift */; };
		FCD2FEF74C0E1C1EBC8816F7 /* AndroidArtifactsSection.swift in Sources */ = {isa = PBXBuildFile; fileRef = 485C733B823964B46B2EBAEB /* AndroidArtifactsSection.swift */; };
		FCD6C6D26B7A2006E9D9B9CD /* PackageReader.swift in Sources */ = {isa = PBXBuildFile; fileRef = BA6C1A5386B78956691708B2 /* PackageReader.swift */; };
		FD29EAE3D515911AA70F5DE0 /* Tab.swift in Sources */ = {isa = PBXBuildFile; fileRef = 7FE78CA68577267148B61B1E /* Tab.swift */; };
		FE24B4939F5A29121879DAE8 /* StoreAPITests.swift in Sources */ = {isa = PBXBuildFile; fileRef = 893F107A5B151BA164F2AA83 /* StoreAPITests.swift */; };
		FED79236EC36AA9F18BFB271 /* AppleSubscriptions.swift in Sources */ = {isa = PBXBuildFile; fileRef = 3F094BC499C29B3BB6F89CE8 /* AppleSubscriptions.swift */; };
		FEE535EE2B646D0C2E07807E /* YAMLEditor.swift in Sources */ = {isa = PBXBuildFile; fileRef = 28B68E05258D44AEC25A6A00 /* YAMLEditor.swift */; };
/* End PBXBuildFile section */

/* Begin PBXContainerItemProxy section */
		8C4A2570D0F487F79D9DAF9A /* PBXContainerItemProxy */ = {
			isa = PBXContainerItemProxy;
			containerPortal = 470C0D958386F6F4FB8D7F92 /* Project object */;
			proxyType = 1;
			remoteGlobalIDString = 72E69774B43F9BB49182FEB4;
			remoteInfo = SuperSubmitter;
		};
		96A53CE9098D42328CD09DD1 /* PBXContainerItemProxy */ = {
			isa = PBXContainerItemProxy;
			containerPortal = 470C0D958386F6F4FB8D7F92 /* Project object */;
			proxyType = 1;
			remoteGlobalIDString = 39DB00C623ACEA7EC699FFD9;
			remoteInfo = SubmitKit;
		};
		D392B6BD5EFF04130686D8E8 /* PBXContainerItemProxy */ = {
			isa = PBXContainerItemProxy;
			containerPortal = 470C0D958386F6F4FB8D7F92 /* Project object */;
			proxyType = 1;
			remoteGlobalIDString = 39DB00C623ACEA7EC699FFD9;
			remoteInfo = SubmitKit;
		};
/* End PBXContainerItemProxy section */

/* Begin PBXCopyFilesBuildPhase section */
		30956B30A819FD51EDB7FA57 /* Embed Frameworks */ = {
			isa = PBXCopyFilesBuildPhase;
			buildActionMask = 2147483647;
			dstPath = "";
			dstSubfolderSpec = 10;
			files = (
				1391DFA85273D4E1A9B7E468 /* SubmitKit.framework in Embed Frameworks */,
			);
			name = "Embed Frameworks";
			runOnlyForDeploymentPostprocessing = 0;
		};
		A3B15358F119CA12F098E4A3 /* Embed Frameworks */ = {
			isa = PBXCopyFilesBuildPhase;
			buildActionMask = 2147483647;
			dstPath = "";
			dstSubfolderSpec = 10;
			files = (
				8416B3C3BA66D2B5691A1178 /* SubmitKit.framework in Embed Frameworks */,
			);
			name = "Embed Frameworks";
			runOnlyForDeploymentPostprocessing = 0;
		};
/* End PBXCopyFilesBuildPhase section */

/* Begin PBXFileReference section */
		00AD4377262D22043ADD9A3A /* AppStateMarketingApply.swift */ = {isa = PBXFileReference; lastKnownFileType = sourcecode.swift; path = AppStateMarketingApply.swift; sourceTree = "<group>"; };
		041F7F4AB25F8958647863BA /* ReviewInfoTab.swift */ = {isa = PBXFileReference; lastKnownFileType = sourcecode.swift; path = ReviewInfoTab.swift; sourceTree = "<group>"; };
		04CF5A2F1272104249898E56 /* RunLogTests.swift */ = {isa = PBXFileReference; lastKnownFileType = sourcecode.swift; path = RunLogTests.swift; sourceTree = "<group>"; };
		065E15DF6AFE7DCA28B9E994 /* BuildFlow.swift */ = {isa = PBXFileReference; lastKnownFileType = sourcecode.swift; path = BuildFlow.swift; sourceTree = "<group>"; };
		06D91072D75E576ECF31AACC /* ProviderApply.swift */ = {isa = PBXFileReference; lastKnownFileType = sourcecode.swift; path = ProviderApply.swift; sourceTree = "<group>"; };
		0F0A38C40B86738E2ABCE03A /* SubmitKit.framework */ = {isa = PBXFileReference; explicitFileType = wrapper.framework; includeInIndex = 0; path = SubmitKit.framework; sourceTree = BUILT_PRODUCTS_DIR; };
		1078FF3E049104204DA90EFF /* StoreSnapshotTests.swift */ = {isa = PBXFileReference; lastKnownFileType = sourcecode.swift; path = StoreSnapshotTests.swift; sourceTree = "<group>"; };
		11F487A6A33C04D956210C7B /* ManifestFile.swift */ = {isa = PBXFileReference; lastKnownFileType = sourcecode.swift; path = ManifestFile.swift; sourceTree = "<group>"; };
		125542C9DF2F69ED1E405146 /* Manifest.swift */ = {isa = PBXFileReference; lastKnownFileType = sourcecode.swift; path = Manifest.swift; sourceTree = "<group>"; };
		149E97C967CC8966ED2C29DB /* ExistingAppImport.swift */ = {isa = PBXFileReference; lastKnownFileType = sourcecode.swift; path = ExistingAppImport.swift; sourceTree = "<group>"; };
		157C66C68A124365FC98C9F5 /* ReadBackTests.swift */ = {isa = PBXFileReference; lastKnownFileType = sourcecode.swift; path = ReadBackTests.swift; sourceTree = "<group>"; };
		16D8E1D137C2851EFBC3872F /* AddLocaleSheet.swift */ = {isa = PBXFileReference; lastKnownFileType = sourcecode.swift; path = AddLocaleSheet.swift; sourceTree = "<group>"; };
		173D08DC167E430EDF6B2071 /* TopBar.swift */ = {isa = PBXFileReference; lastKnownFileType = sourcecode.swift; path = TopBar.swift; sourceTree = "<group>"; };
		18027E4A08DB8F660315C028 /* ConsoleChecklistTests.swift */ = {isa = PBXFileReference; lastKnownFileType = sourcecode.swift; path = ConsoleChecklistTests.swift; sourceTree = "<group>"; };
		1B1BACCC636778CEAA23A8EA /* DetailsTab.swift */ = {isa = PBXFileReference; lastKnownFileType = sourcecode.swift; path = DetailsTab.swift; sourceTree = "<group>"; };
		1DA4D52C3FAD900F87D3E9D4 /* StoreDiagnosticsPanel.swift */ = {isa = PBXFileReference; lastKnownFileType = sourcecode.swift; path = StoreDiagnosticsPanel.swift; sourceTree = "<group>"; };
		1F000E34291F48D1BDA5A72E /* RemoteSafetyTests.swift */ = {isa = PBXFileReference; lastKnownFileType = sourcecode.swift; path = RemoteSafetyTests.swift; sourceTree = "<group>"; };
		21CC445E1B00EA868C8788A8 /* StoreImportReaderTests.swift */ = {isa = PBXFileReference; lastKnownFileType = sourcecode.swift; path = StoreImportReaderTests.swift; sourceTree = "<group>"; };
		2201F42616724812E01D271C /* YAMLFidelityTests.swift */ = {isa = PBXFileReference; lastKnownFileType = sourcecode.swift; path = YAMLFidelityTests.swift; sourceTree = "<group>"; };
		220A6E0FD20FA397139568C1 /* PlanStep.swift */ = {isa = PBXFileReference; lastKnownFileType = sourcecode.swift; path = PlanStep.swift; sourceTree = "<group>"; };
		230C5A844A3509EB5DF115C0 /* PackageReaderTests.swift */ = {isa = PBXFileReference; lastKnownFileType = sourcecode.swift; path = PackageReaderTests.swift; sourceTree = "<group>"; };
		233A3F24548DC6B4BC41FFA1 /* CommandRunner.swift */ = {isa = PBXFileReference; lastKnownFileType = sourcecode.swift; path = CommandRunner.swift; sourceTree = "<group>"; };
		234CEE3E04249CA744E9FBB0 /* StoreSnapshot.swift */ = {isa = PBXFileReference; lastKnownFileType = sourcecode.swift; path = StoreSnapshot.swift; sourceTree = "<group>"; };
		281FA294F1C5C5D34164D838 /* GoogleActionsClient.swift */ = {isa = PBXFileReference; lastKnownFileType = sourcecode.swift; path = GoogleActionsClient.swift; sourceTree = "<group>"; };
		28B68E05258D44AEC25A6A00 /* YAMLEditor.swift */ = {isa = PBXFileReference; lastKnownFileType = sourcecode.swift; path = YAMLEditor.swift; sourceTree = "<group>"; };
		29104E1FA3BB399C3F6D6180 /* StatusReader.swift */ = {isa = PBXFileReference; lastKnownFileType = sourcecode.swift; path = StatusReader.swift; sourceTree = "<group>"; };
		2A36C4DB016021EBF8FC5FAA /* ExistingAppImportSheet.swift */ = {isa = PBXFileReference; lastKnownFileType = sourcecode.swift; path = ExistingAppImportSheet.swift; sourceTree = "<group>"; };
		2AE25EB6EE4E699B2EC3E7B0 /* ToolProcessTests.swift */ = {isa = PBXFileReference; lastKnownFileType = sourcecode.swift; path = ToolProcessTests.swift; sourceTree = "<group>"; };
		2AE871FE21655B5878BD19A1 /* Redaction.swift */ = {isa = PBXFileReference; lastKnownFileType = sourcecode.swift; path = Redaction.swift; sourceTree = "<group>"; };
		2C8DF457A1D20CFB570F21A9 /* ManifestTests.swift */ = {isa = PBXFileReference; lastKnownFileType = sourcecode.swift; path = ManifestTests.swift; sourceTree = "<group>"; };
		2C9E25B3162E791B57E85330 /* Credentials.swift */ = {isa = PBXFileReference; lastKnownFileType = sourcecode.swift; path = Credentials.swift; sourceTree = "<group>"; };
		2D79543711F7C6E1462DED4B /* OnboardingPanel.swift */ = {isa = PBXFileReference; lastKnownFileType = sourcecode.swift; path = OnboardingPanel.swift; sourceTree = "<group>"; };
		2E478E4DC53EB86AD9227D47 /* BuildStorage.swift */ = {isa = PBXFileReference; lastKnownFileType = sourcecode.swift; path = BuildStorage.swift; sourceTree = "<group>"; };
		2EF39FCAEF6F8F553220AC24 /* AndroidBuildService.swift */ = {isa = PBXFileReference; lastKnownFileType = sourcecode.swift; path = AndroidBuildService.swift; sourceTree = "<group>"; };
		30A17C7F3344A746710460DD /* StoreMark.swift */ = {isa = PBXFileReference; lastKnownFileType = sourcecode.swift; path = StoreMark.swift; sourceTree = "<group>"; };
		30D4C875E4DDDAD0E5173D72 /* BuildTab.swift */ = {isa = PBXFileReference; lastKnownFileType = sourcecode.swift; path = BuildTab.swift; sourceTree = "<group>"; };
		333E602808CC7A34C587B454 /* BuildDiscoveryTests.swift */ = {isa = PBXFileReference; lastKnownFileType = sourcecode.swift; path = BuildDiscoveryTests.swift; sourceTree = "<group>"; };
		35D49903E91FE8C20866E17B /* AppStorePanels.swift */ = {isa = PBXFileReference; lastKnownFileType = sourcecode.swift; path = AppStorePanels.swift; sourceTree = "<group>"; };
		369BD68FC3B4A58C282FA68C /* CoverageGapTests.swift */ = {isa = PBXFileReference; lastKnownFileType = sourcecode.swift; path = CoverageGapTests.swift; sourceTree = "<group>"; };
		379E2A61EE4C2961128B9042 /* RemoveLinkedAppTests.swift */ = {isa = PBXFileReference; lastKnownFileType = sourcecode.swift; path = RemoveLinkedAppTests.swift; sourceTree = "<group>"; };
		386169BC69A8E699748AE3AC /* AppState.swift */ = {isa = PBXFileReference; lastKnownFileType = sourcecode.swift; path = AppState.swift; sourceTree = "<group>"; };
		391257D4800C5167DF63F1FB /* StoreDiagnostics.swift */ = {isa = PBXFileReference; lastKnownFileType = sourcecode.swift; path = StoreDiagnostics.swift; sourceTree = "<group>"; };
		3BE9B11225EBCA1175F86028 /* RootView.swift */ = {isa = PBXFileReference; lastKnownFileType = sourcecode.swift; path = RootView.swift; sourceTree = "<group>"; };
		3D599490508F1A14C5820F09 /* AppPackage.swift */ = {isa = PBXFileReference; lastKnownFileType = sourcecode.swift; path = AppPackage.swift; sourceTree = "<group>"; };
		3D72FADF6AFA5D05B8F23285 /* SuperSubmitterUITests.xctest */ = {isa = PBXFileReference; explicitFileType = wrapper.cfbundle; includeInIndex = 0; path = SuperSubmitterUITests.xctest; sourceTree = BUILT_PRODUCTS_DIR; };
		3D91EA1D4DAB192A7E79D52C /* MediaTab.swift */ = {isa = PBXFileReference; lastKnownFileType = sourcecode.swift; path = MediaTab.swift; sourceTree = "<group>"; };
		3F094BC499C29B3BB6F89CE8 /* AppleSubscriptions.swift */ = {isa = PBXFileReference; lastKnownFileType = sourcecode.swift; path = AppleSubscriptions.swift; sourceTree = "<group>"; };
		4041BBC96E546A5C3B189D36 /* ConsoleChecklist.swift */ = {isa = PBXFileReference; lastKnownFileType = sourcecode.swift; path = ConsoleChecklist.swift; sourceTree = "<group>"; };
		425AF414536E2877618D5BBF /* ManifestEditingTests.swift */ = {isa = PBXFileReference; lastKnownFileType = sourcecode.swift; path = ManifestEditingTests.swift; sourceTree = "<group>"; };
		440EA0A518B9A796B8CBA130 /* StoreCoverageTests.swift */ = {isa = PBXFileReference; lastKnownFileType = sourcecode.swift; path = StoreCoverageTests.swift; sourceTree = "<group>"; };
		4631D9937E6EB1AE1BA61A1C /* GooglePlayPanels.swift */ = {isa = PBXFileReference; lastKnownFileType = sourcecode.swift; path = GooglePlayPanels.swift; sourceTree = "<group>"; };
		485C733B823964B46B2EBAEB /* AndroidArtifactsSection.swift */ = {isa = PBXFileReference; lastKnownFileType = sourcecode.swift; path = AndroidArtifactsSection.swift; sourceTree = "<group>"; };
		48B7D7160F37672B80B343B9 /* TabStructureTests.swift */ = {isa = PBXFileReference; lastKnownFileType = sourcecode.swift; path = TabStructureTests.swift; sourceTree = "<group>"; };
		4A635A3AFE93A076F712DF77 /* AppleCatalogClient.swift */ = {isa = PBXFileReference; lastKnownFileType = sourcecode.swift; path = AppleCatalogClient.swift; sourceTree = "<group>"; };
		4DE1B143847CE02CF815F91C /* Managed.swift */ = {isa = PBXFileReference; lastKnownFileType = sourcecode.swift; path = Managed.swift; sourceTree = "<group>"; };
		4EBD6FED9F592D6DC5898FB2 /* AppStateExistingImport.swift */ = {isa = PBXFileReference; lastKnownFileType = sourcecode.swift; path = AppStateExistingImport.swift; sourceTree = "<group>"; };
		50F26613D3523CC89CAEE629 /* ManifestBlockTests.swift */ = {isa = PBXFileReference; lastKnownFileType = sourcecode.swift; path = ManifestBlockTests.swift; sourceTree = "<group>"; };
		5113C7F49B355D564BB9796B /* AppleApply.swift */ = {isa = PBXFileReference; lastKnownFileType = sourcecode.swift; path = AppleApply.swift; sourceTree = "<group>"; };
		514BD0BE0520FD8F26338DB8 /* ManifestDrafts.swift */ = {isa = PBXFileReference; lastKnownFileType = sourcecode.swift; path = ManifestDrafts.swift; sourceTree = "<group>"; };
		54D8576A89F9578A2DA413B5 /* PlannerTests.swift */ = {isa = PBXFileReference; lastKnownFileType = sourcecode.swift; path = PlannerTests.swift; sourceTree = "<group>"; };
		5A67B6ECB1980E83D80C7245 /* BindingLimitsTests.swift */ = {isa = PBXFileReference; lastKnownFileType = sourcecode.swift; path = BindingLimitsTests.swift; sourceTree = "<group>"; };
		5B843901D2B0B6BADB67B316 /* MenuBarPopover.swift */ = {isa = PBXFileReference; lastKnownFileType = sourcecode.swift; path = MenuBarPopover.swift; sourceTree = "<group>"; };
		5E03D77E5EACC67FD82CB493 /* StoreVitalsClient.swift */ = {isa = PBXFileReference; lastKnownFileType = sourcecode.swift; path = StoreVitalsClient.swift; sourceTree = "<group>"; };
		5E48B63C295F6C782072D309 /* StoreImportReader.swift */ = {isa = PBXFileReference; lastKnownFileType = sourcecode.swift; path = StoreImportReader.swift; sourceTree = "<group>"; };
		5ECDD17458C514D401C4D2F8 /* RunLog.swift */ = {isa = PBXFileReference; lastKnownFileType = sourcecode.swift; path = RunLog.swift; sourceTree = "<group>"; };
		5F4F3378A0BEE186A462E629 /* ReleaseSheet.swift */ = {isa = PBXFileReference; lastKnownFileType = sourcecode.swift; path = ReleaseSheet.swift; sourceTree = "<group>"; };
		624A241FEC59B61D4122D435 /* PriceDraft.swift */ = {isa = PBXFileReference; lastKnownFileType = sourcecode.swift; path = PriceDraft.swift; sourceTree = "<group>"; };
		644F3BF0C515DF65ADD79CDB /* GoogleCatalogClient.swift */ = {isa = PBXFileReference; lastKnownFileType = sourcecode.swift; path = GoogleCatalogClient.swift; sourceTree = "<group>"; };
		66B0D9F08A0D8947E42BFF7F /* CatalogAndMarketingTests.swift */ = {isa = PBXFileReference; lastKnownFileType = sourcecode.swift; path = CatalogAndMarketingTests.swift; sourceTree = "<group>"; };
		6C0183D2E989679F9F418ACC /* MarketingTab.swift */ = {isa = PBXFileReference; lastKnownFileType = sourcecode.swift; path = MarketingTab.swift; sourceTree = "<group>"; };
		6D33E2834F78C9B6DF4C98CB /* ProtoManifest.swift */ = {isa = PBXFileReference; lastKnownFileType = sourcecode.swift; path = ProtoManifest.swift; sourceTree = "<group>"; };
		6DD54A6C465F1780A1344BAF /* ManifestBlocks.swift */ = {isa = PBXFileReference; lastKnownFileType = sourcecode.swift; path = ManifestBlocks.swift; sourceTree = "<group>"; };
		6DE54D096EF55A82E4DEB084 /* BuildModels.swift */ = {isa = PBXFileReference; lastKnownFileType = sourcecode.swift; path = BuildModels.swift; sourceTree = "<group>"; };
		6E0A38CD258BBFB146CDAF85 /* StoresTab.swift */ = {isa = PBXFileReference; lastKnownFileType = sourcecode.swift; path = StoresTab.swift; sourceTree = "<group>"; };
		70E56FEDD63B145E32689CC5 /* GoogleApply.swift */ = {isa = PBXFileReference; lastKnownFileType = sourcecode.swift; path = GoogleApply.swift; sourceTree = "<group>"; };
		730E0BCE7CDDE9DFCCC844DA /* XcodeCloudClient.swift */ = {isa = PBXFileReference; lastKnownFileType = sourcecode.swift; path = XcodeCloudClient.swift; sourceTree = "<group>"; };
		73E24AAA8D152CDC338E536D /* AppIconTests.swift */ = {isa = PBXFileReference; lastKnownFileType = sourcecode.swift; path = AppIconTests.swift; sourceTree = "<group>"; };
		75812E72D8517689DBB03F82 /* AppStateArtifacts.swift */ = {isa = PBXFileReference; lastKnownFileType = sourcecode.swift; path = AppStateArtifacts.swift; sourceTree = "<group>"; };
		75FB80ED135661ADCB92E60F /* Validator.swift */ = {isa = PBXFileReference; lastKnownFileType = sourcecode.swift; path = Validator.swift; sourceTree = "<group>"; };
		7AD41B89B54A1D15B576B54E /* GoogleArtifactTests.swift */ = {isa = PBXFileReference; lastKnownFileType = sourcecode.swift; path = GoogleArtifactTests.swift; sourceTree = "<group>"; };
		7B31BB11B6B6883A59E3B6AE /* AppleActionsClient.swift */ = {isa = PBXFileReference; lastKnownFileType = sourcecode.swift; path = AppleActionsClient.swift; sourceTree = "<group>"; };
		7F2F0E3557D54D9B3F946072 /* AssetInspector.swift */ = {isa = PBXFileReference; lastKnownFileType = sourcecode.swift; path = AssetInspector.swift; sourceTree = "<group>"; };
		7FE78CA68577267148B61B1E /* Tab.swift */ = {isa = PBXFileReference; lastKnownFileType = sourcecode.swift; path = Tab.swift; sourceTree = "<group>"; };
		82E391F22B07A76FF80ED693 /* SubmitKitTests.xctest */ = {isa = PBXFileReference; explicitFileType = wrapper.cfbundle; includeInIndex = 0; path = SubmitKitTests.xctest; sourceTree = BUILT_PRODUCTS_DIR; };
		88FFBAD82D86A4775D0AF48C /* MoneyTab.swift */ = {isa = PBXFileReference; lastKnownFileType = sourcecode.swift; path = MoneyTab.swift; sourceTree = "<group>"; };
		893F107A5B151BA164F2AA83 /* StoreAPITests.swift */ = {isa = PBXFileReference; lastKnownFileType = sourcecode.swift; path = StoreAPITests.swift; sourceTree = "<group>"; };
		8D0C17A03108A0D101068749 /* ReleaseClient.swift */ = {isa = PBXFileReference; lastKnownFileType = sourcecode.swift; path = ReleaseClient.swift; sourceTree = "<group>"; };
		8D79C5DE3F2E7E5B601B24DD /* Sidebar.swift */ = {isa = PBXFileReference; lastKnownFileType = sourcecode.swift; path = Sidebar.swift; sourceTree = "<group>"; };
		91E21F4F8E9681197F6ACE94 /* AppleKeyIDTests.swift */ = {isa = PBXFileReference; lastKnownFileType = sourcecode.swift; path = AppleKeyIDTests.swift; sourceTree = "<group>"; };
		92CC10AAB4F6572C96CD9F98 /* OfferEditor.swift */ = {isa = PBXFileReference; lastKnownFileType = sourcecode.swift; path = OfferEditor.swift; sourceTree = "<group>"; };
		93181C8DC0781E6FBE6E8267 /* GooglePlayGapTests.swift */ = {isa = PBXFileReference; lastKnownFileType = sourcecode.swift; path = GooglePlayGapTests.swift; sourceTree = "<group>"; };
		94ABF7EDA91568EFB6310536 /* Assets.xcassets */ = {isa = PBXFileReference; lastKnownFileType = folder.assetcatalog; path = Assets.xcassets; sourceTree = "<group>"; };
		98AD0829DC97ED0C890FEF3E /* XcodeCloudPanel.swift */ = {isa = PBXFileReference; lastKnownFileType = sourcecode.swift; path = XcodeCloudPanel.swift; sourceTree = "<group>"; };
		9991048BBA83F9E9DC9F2AB2 /* AppleTestFlight.swift */ = {isa = PBXFileReference; lastKnownFileType = sourcecode.swift; path = AppleTestFlight.swift; sourceTree = "<group>"; };
		9F126F1158ED8BAA7AB499BC /* store.schema.json */ = {isa = PBXFileReference; lastKnownFileType = text.json; path = store.schema.json; sourceTree = "<group>"; };
		9F2F9DFA6CAD9D61B55A5899 /* JSON.swift */ = {isa = PBXFileReference; lastKnownFileType = sourcecode.swift; path = JSON.swift; sourceTree = "<group>"; };
		A1FDC311FE6663720F580BBA /* ExistingAppImportTests.swift */ = {isa = PBXFileReference; lastKnownFileType = sourcecode.swift; path = ExistingAppImportTests.swift; sourceTree = "<group>"; };
		A4D1B38E1BC07601F5407CE3 /* UploadRun.swift */ = {isa = PBXFileReference; lastKnownFileType = sourcecode.swift; path = UploadRun.swift; sourceTree = "<group>"; };
		A516E6CD3FCB821FB333310F /* PlanTab.swift */ = {isa = PBXFileReference; lastKnownFileType = sourcecode.swift; path = PlanTab.swift; sourceTree = "<group>"; };
		A68D788C058A969747CCDAA8 /* screenshot-sizes.json */ = {isa = PBXFileReference; lastKnownFileType = text.json; path = "screenshot-sizes.json"; sourceTree = "<group>"; };
		A83EA590BBEA58B29C99A6BA /* AppleTestFlightClient.swift */ = {isa = PBXFileReference; lastKnownFileType = sourcecode.swift; path = AppleTestFlightClient.swift; sourceTree = "<group>"; };
		AEE48EB35019BAEE0BE9A646 /* StoreAPI.swift */ = {isa = PBXFileReference; lastKnownFileType = sourcecode.swift; path = StoreAPI.swift; sourceTree = "<group>"; };
		B222798FBF3DC0E4B6D9DCE6 /* VitalsPanel.swift */ = {isa = PBXFileReference; lastKnownFileType = sourcecode.swift; path = VitalsPanel.swift; sourceTree = "<group>"; };
		B41DF84B54D31B54FACFEA4F /* AppStateCatalog.swift */ = {isa = PBXFileReference; lastKnownFileType = sourcecode.swift; path = AppStateCatalog.swift; sourceTree = "<group>"; };
		B4CDB9A4E6D89AF09E2C51A2 /* AndroidManifest.pb */ = {isa = PBXFileReference; path = AndroidManifest.pb; sourceTree = "<group>"; };
		B552F0B4703F1833D8640EF6 /* BindingLimits.swift */ = {isa = PBXFileReference; lastKnownFileType = sourcecode.swift; path = BindingLimits.swift; sourceTree = "<group>"; };
		B9FC1FA910D79B3D3ED2FB4F /* Theme.swift */ = {isa = PBXFileReference; lastKnownFileType = sourcecode.swift; path = Theme.swift; sourceTree = "<group>"; };
		BA6C1A5386B78956691708B2 /* PackageReader.swift */ = {isa = PBXFileReference; lastKnownFileType = sourcecode.swift; path = PackageReader.swift; sourceTree = "<group>"; };
		BC3602DC179AF46821363E1A /* Runner.swift */ = {isa = PBXFileReference; lastKnownFileType = sourcecode.swift; path = Runner.swift; sourceTree = "<group>"; };
		BCB1E1387A606C12224884C7 /* ManagingTabs.swift */ = {isa = PBXFileReference; lastKnownFileType = sourcecode.swift; path = ManagingTabs.swift; sourceTree = "<group>"; };
		BEFADD5D0C024A395A42101D /* ToolProcess.swift */ = {isa = PBXFileReference; lastKnownFileType = sourcecode.swift; path = ToolProcess.swift; sourceTree = "<group>"; };
		C41BC3684D9EAD02C78DA986 /* SettingsPanel.swift */ = {isa = PBXFileReference; lastKnownFileType = sourcecode.swift; path = SettingsPanel.swift; sourceTree = "<group>"; };
		C555136432A192B5111694D2 /* GoogleActionsPanelTests.swift */ = {isa = PBXFileReference; lastKnownFileType = sourcecode.swift; path = GoogleActionsPanelTests.swift; sourceTree = "<group>"; };
		C7DF63306FED48988313FED2 /* UploadService.swift */ = {isa = PBXFileReference; lastKnownFileType = sourcecode.swift; path = UploadService.swift; sourceTree = "<group>"; };
		C7E3BB00DDBA70D1521D8CC0 /* DemoData.swift */ = {isa = PBXFileReference; lastKnownFileType = sourcecode.swift; path = DemoData.swift; sourceTree = "<group>"; };
		C91945C6121D0FE2ADC5C94F /* StoreSelection.swift */ = {isa = PBXFileReference; lastKnownFileType = sourcecode.swift; path = StoreSelection.swift; sourceTree = "<group>"; };
		CC15B00B50A626A5F4200EF8 /* SuperSubmitterApp.swift */ = {isa = PBXFileReference; lastKnownFileType = sourcecode.swift; path = SuperSubmitterApp.swift; sourceTree = "<group>"; };
		D618A3822B48A5F3E8028ADE /* Planner.swift */ = {isa = PBXFileReference; lastKnownFileType = sourcecode.swift; path = Planner.swift; sourceTree = "<group>"; };
		D6B3C80E73476706F86823EA /* GoogleCatalog.swift */ = {isa = PBXFileReference; lastKnownFileType = sourcecode.swift; path = GoogleCatalog.swift; sourceTree = "<group>"; };
		D7E65258B651A45C64DE1F83 /* PostHogClient.swift */ = {isa = PBXFileReference; lastKnownFileType = sourcecode.swift; path = PostHogClient.swift; sourceTree = "<group>"; };
		DA1117E3BE5331194E42ADC9 /* ProjectDiscovery.swift */ = {isa = PBXFileReference; lastKnownFileType = sourcecode.swift; path = ProjectDiscovery.swift; sourceTree = "<group>"; };
		DD81D4B5724302E529BD064E /* AppStateMarketing.swift */ = {isa = PBXFileReference; lastKnownFileType = sourcecode.swift; path = AppStateMarketing.swift; sourceTree = "<group>"; };
		DE68BE6466E075A815F827DF /* ManifestEditing.swift */ = {isa = PBXFileReference; lastKnownFileType = sourcecode.swift; path = ManifestEditing.swift; sourceTree = "<group>"; };
		E023895E24988E09D1B1480A /* ValidatorTests.swift */ = {isa = PBXFileReference; lastKnownFileType = sourcecode.swift; path = ValidatorTests.swift; sourceTree = "<group>"; };
		E2BC630E6C38260E7F793896 /* UploadStateTests.swift */ = {isa = PBXFileReference; lastKnownFileType = sourcecode.swift; path = UploadStateTests.swift; sourceTree = "<group>"; };
		E340A1A5704EE1348889575C /* SuperSubmitter.app */ = {isa = PBXFileReference; explicitFileType = wrapper.application; includeInIndex = 0; path = SuperSubmitter.app; sourceTree = BUILT_PRODUCTS_DIR; };
		E3AA57DF716DDDCF5552F76F /* AppStateRun.swift */ = {isa = PBXFileReference; lastKnownFileType = sourcecode.swift; path = AppStateRun.swift; sourceTree = "<group>"; };
		E74E2FD14F99B42014E7C967 /* AppleBuildService.swift */ = {isa = PBXFileReference; lastKnownFileType = sourcecode.swift; path = AppleBuildService.swift; sourceTree = "<group>"; };
		E9A1913387574636BF5B1062 /* AppStateGoogleActions.swift */ = {isa = PBXFileReference; lastKnownFileType = sourcecode.swift; path = AppStateGoogleActions.swift; sourceTree = "<group>"; };
		EA20D03CFA77AF800B818FB1 /* PlayMarkTests.swift */ = {isa = PBXFileReference; lastKnownFileType = sourcecode.swift; path = PlayMarkTests.swift; sourceTree = "<group>"; };
		EC4609C1C1DC4FF0D6E8A6FA /* StateReader.swift */ = {isa = PBXFileReference; lastKnownFileType = sourcecode.swift; path = StateReader.swift; sourceTree = "<group>"; };
		ECCA4138B5E91EB580C3D18D /* TabContent.swift */ = {isa = PBXFileReference; lastKnownFileType = sourcecode.swift; path = TabContent.swift; sourceTree = "<group>"; };
		EF116D2CBC71AB75AA21129C /* BuildFlowRun.swift */ = {isa = PBXFileReference; lastKnownFileType = sourcecode.swift; path = BuildFlowRun.swift; sourceTree = "<group>"; };
		F22E680C8C11A97942B4057D /* StoreConnectionClient.swift */ = {isa = PBXFileReference; lastKnownFileType = sourcecode.swift; path = StoreConnectionClient.swift; sourceTree = "<group>"; };
		F29CCFB0C775C2C3BC49A29C /* RuntimePlaceholderTests.swift */ = {isa = PBXFileReference; lastKnownFileType = sourcecode.swift; path = RuntimePlaceholderTests.swift; sourceTree = "<group>"; };
		F40AF41EE8A5F072EFBAD071 /* AppStateAppleActions.swift */ = {isa = PBXFileReference; lastKnownFileType = sourcecode.swift; path = AppStateAppleActions.swift; sourceTree = "<group>"; };
		F54480749BF84668C7766C7E /* ProviderConnectionClient.swift */ = {isa = PBXFileReference; lastKnownFileType = sourcecode.swift; path = ProviderConnectionClient.swift; sourceTree = "<group>"; };
		F6E1B5C011E3DC54A2ED2F08 /* BuildFromProjectView.swift */ = {isa = PBXFileReference; lastKnownFileType = sourcecode.swift; path = BuildFromProjectView.swift; sourceTree = "<group>"; };
		FA854F3404BF83F5D20FC91D /* SubmitTab.swift */ = {isa = PBXFileReference; lastKnownFileType = sourcecode.swift; path = SubmitTab.swift; sourceTree = "<group>"; };
		FAF4FCFC4A59055B1BA4CDA8 /* ActualState.swift */ = {isa = PBXFileReference; lastKnownFileType = sourcecode.swift; path = ActualState.swift; sourceTree = "<group>"; };
		FB55B4C53BDCF96EEBBA3656 /* StorePathTests.swift */ = {isa = PBXFileReference; lastKnownFileType = sourcecode.swift; path = StorePathTests.swift; sourceTree = "<group>"; };
		FBB41041C7A6A47CB6BA5FF6 /* AppleMarketing.swift */ = {isa = PBXFileReference; lastKnownFileType = sourcecode.swift; path = AppleMarketing.swift; sourceTree = "<group>"; };
		FC097DCA30B2597397FCC4A8 /* ReleaseTab.swift */ = {isa = PBXFileReference; lastKnownFileType = sourcecode.swift; path = ReleaseTab.swift; sourceTree = "<group>"; };
		FF23AA4C0151543B1900E997 /* AppIcon.png */ = {isa = PBXFileReference; lastKnownFileType = image.png; path = AppIcon.png; sourceTree = "<group>"; };
/* End PBXFileReference section */

/* Begin PBXFrameworksBuildPhase section */
		68BEB031831416AF3B1E09B5 /* Frameworks */ = {
			isa = PBXFrameworksBuildPhase;
			buildActionMask = 2147483647;
			files = (
				0F5770FA7D41E1A2D3C67CBD /* SubmitKit.framework in Frameworks */,
			);
			runOnlyForDeploymentPostprocessing = 0;
		};
		D3349FE4616809F9B696385B /* Frameworks */ = {
			isa = PBXFrameworksBuildPhase;
			buildActionMask = 2147483647;
			files = (
				A832625613AAB63B47983FB8 /* SubmitKit.framework in Frameworks */,
				141F8A18F1CF2F29288CE1BB /* PostHog in Frameworks */,
			);
			runOnlyForDeploymentPostprocessing = 0;
		};
		DE3122F09EAD79BE928CAA34 /* Frameworks */ = {
			isa = PBXFrameworksBuildPhase;
			buildActionMask = 2147483647;
			files = (
				706158880622564DEDDF1523 /* Yams in Frameworks */,
			);
			runOnlyForDeploymentPostprocessing = 0;
		};
/* End PBXFrameworksBuildPhase section */

/* Begin PBXGroup section */
		0108393B1E31F3D05EEFF31A = {
			isa = PBXGroup;
			children = (
				B7F6A26A63DEABD2C41C78D0 /* Sources */,
				70D89ED09FE730D846B390E0 /* Supporting */,
				B25B833877E1086D6D560B4B /* Tests */,
				6113C3BADBF196EF694A89B2 /* Products */,
			);
			sourceTree = "<group>";
		};
		060710D590115AA445C6D394 /* Credentials */ = {
			isa = PBXGroup;
			children = (
				2C9E25B3162E791B57E85330 /* Credentials.swift */,
			);
			path = Credentials;
			sourceTree = "<group>";
		};
		0A7CA951D0D99006A1D4CF5E /* Run */ = {
			isa = PBXGroup;
			children = (
				5113C7F49B355D564BB9796B /* AppleApply.swift */,
				FBB41041C7A6A47CB6BA5FF6 /* AppleMarketing.swift */,
				3F094BC499C29B3BB6F89CE8 /* AppleSubscriptions.swift */,
				9991048BBA83F9E9DC9F2AB2 /* AppleTestFlight.swift */,
				70E56FEDD63B145E32689CC5 /* GoogleApply.swift */,
				D6B3C80E73476706F86823EA /* GoogleCatalog.swift */,
				9F2F9DFA6CAD9D61B55A5899 /* JSON.swift */,
				06D91072D75E576ECF31AACC /* ProviderApply.swift */,
				5ECDD17458C514D401C4D2F8 /* RunLog.swift */,
				BC3602DC179AF46821363E1A /* Runner.swift */,
				AEE48EB35019BAEE0BE9A646 /* StoreAPI.swift */,
			);
			path = Run;
			sourceTree = "<group>";
		};
		33BC8625D9618DCA8E9F617A /* Clients */ = {
			isa = PBXGroup;
			children = (
				7B31BB11B6B6883A59E3B6AE /* AppleActionsClient.swift */,
				4A635A3AFE93A076F712DF77 /* AppleCatalogClient.swift */,
				A83EA590BBEA58B29C99A6BA /* AppleTestFlightClient.swift */,
				281FA294F1C5C5D34164D838 /* GoogleActionsClient.swift */,
				644F3BF0C515DF65ADD79CDB /* GoogleCatalogClient.swift */,
				F54480749BF84668C7766C7E /* ProviderConnectionClient.swift */,
				F22E680C8C11A97942B4057D /* StoreConnectionClient.swift */,
				391257D4800C5167DF63F1FB /* StoreDiagnostics.swift */,
				5E48B63C295F6C782072D309 /* StoreImportReader.swift */,
				5E03D77E5EACC67FD82CB493 /* StoreVitalsClient.swift */,
				730E0BCE7CDDE9DFCCC844DA /* XcodeCloudClient.swift */,
			);
			path = Clients;
			sourceTree = "<group>";
		};
		357ED34B5E1766972F7C80F5 /* Assets */ = {
			isa = PBXGroup;
			children = (
				7F2F0E3557D54D9B3F946072 /* AssetInspector.swift */,
			);
			path = Assets;
			sourceTree = "<group>";
		};
		35EEC40A275D613AEB220F4B /* SuperSubmitterUITests */ = {
			isa = PBXGroup;
			children = (
				73E24AAA8D152CDC338E536D /* AppIconTests.swift */,
				A1FDC311FE6663720F580BBA /* ExistingAppImportTests.swift */,
				C555136432A192B5111694D2 /* GoogleActionsPanelTests.swift */,
				EA20D03CFA77AF800B818FB1 /* PlayMarkTests.swift */,
				379E2A61EE4C2961128B9042 /* RemoveLinkedAppTests.swift */,
				1078FF3E049104204DA90EFF /* StoreSnapshotTests.swift */,
				48B7D7160F37672B80B343B9 /* TabStructureTests.swift */,
			);
			path = SuperSubmitterUITests;
			sourceTree = "<group>";
		};
		37004A89EF8A5C1345AFEC0F /* Overlays */ = {
			isa = PBXGroup;
			children = (
				16D8E1D137C2851EFBC3872F /* AddLocaleSheet.swift */,
				2A36C4DB016021EBF8FC5FAA /* ExistingAppImportSheet.swift */,
				5B843901D2B0B6BADB67B316 /* MenuBarPopover.swift */,
				2D79543711F7C6E1462DED4B /* OnboardingPanel.swift */,
				5F4F3378A0BEE186A462E629 /* ReleaseSheet.swift */,
				C41BC3684D9EAD02C78DA986 /* SettingsPanel.swift */,
			);
			path = Overlays;
			sourceTree = "<group>";
		};
		444F4DC0E790649E7107A6E3 /* Fixtures */ = {
			isa = PBXGroup;
			children = (
				B4CDB9A4E6D89AF09E2C51A2 /* AndroidManifest.pb */,
			);
			path = Fixtures;
			sourceTree = "<group>";
		};
		4E1BF273AAD9F46F8F991E9F /* Package */ = {
			isa = PBXGroup;
			children = (
				3D599490508F1A14C5820F09 /* AppPackage.swift */,
				233A3F24548DC6B4BC41FFA1 /* CommandRunner.swift */,
				BA6C1A5386B78956691708B2 /* PackageReader.swift */,
				6D33E2834F78C9B6DF4C98CB /* ProtoManifest.swift */,
			);
			path = Package;
			sourceTree = "<group>";
		};
		51FCFFFC822F8943AB24B2CE /* SubmitKitTests */ = {
			isa = PBXGroup;
			children = (
				91E21F4F8E9681197F6ACE94 /* AppleKeyIDTests.swift */,
				5A67B6ECB1980E83D80C7245 /* BindingLimitsTests.swift */,
				333E602808CC7A34C587B454 /* BuildDiscoveryTests.swift */,
				66B0D9F08A0D8947E42BFF7F /* CatalogAndMarketingTests.swift */,
				18027E4A08DB8F660315C028 /* ConsoleChecklistTests.swift */,
				369BD68FC3B4A58C282FA68C /* CoverageGapTests.swift */,
				7AD41B89B54A1D15B576B54E /* GoogleArtifactTests.swift */,
				93181C8DC0781E6FBE6E8267 /* GooglePlayGapTests.swift */,
				50F26613D3523CC89CAEE629 /* ManifestBlockTests.swift */,
				425AF414536E2877618D5BBF /* ManifestEditingTests.swift */,
				2C8DF457A1D20CFB570F21A9 /* ManifestTests.swift */,
				230C5A844A3509EB5DF115C0 /* PackageReaderTests.swift */,
				54D8576A89F9578A2DA413B5 /* PlannerTests.swift */,
				157C66C68A124365FC98C9F5 /* ReadBackTests.swift */,
				1F000E34291F48D1BDA5A72E /* RemoteSafetyTests.swift */,
				04CF5A2F1272104249898E56 /* RunLogTests.swift */,
				F29CCFB0C775C2C3BC49A29C /* RuntimePlaceholderTests.swift */,
				893F107A5B151BA164F2AA83 /* StoreAPITests.swift */,
				440EA0A518B9A796B8CBA130 /* StoreCoverageTests.swift */,
				21CC445E1B00EA868C8788A8 /* StoreImportReaderTests.swift */,
				FB55B4C53BDCF96EEBBA3656 /* StorePathTests.swift */,
				2AE25EB6EE4E699B2EC3E7B0 /* ToolProcessTests.swift */,
				E2BC630E6C38260E7F793896 /* UploadStateTests.swift */,
				E023895E24988E09D1B1480A /* ValidatorTests.swift */,
				2201F42616724812E01D271C /* YAMLFidelityTests.swift */,
				444F4DC0E790649E7107A6E3 /* Fixtures */,
			);
			path = SubmitKitTests;
			sourceTree = "<group>";
		};
		5D48F4780E265899C2447181 /* Resources */ = {
			isa = PBXGroup;
			children = (
				FF23AA4C0151543B1900E997 /* AppIcon.png */,
			);
			path = Resources;
			sourceTree = "<group>";
		};
		6113C3BADBF196EF694A89B2 /* Products */ = {
			isa = PBXGroup;
			children = (
				0F0A38C40B86738E2ABCE03A /* SubmitKit.framework */,
				82E391F22B07A76FF80ED693 /* SubmitKitTests.xctest */,
				E340A1A5704EE1348889575C /* SuperSubmitter.app */,
				3D72FADF6AFA5D05B8F23285 /* SuperSubmitterUITests.xctest */,
			);
			name = Products;
			sourceTree = "<group>";
		};
		70D89ED09FE730D846B390E0 /* Supporting */ = {
			isa = PBXGroup;
			children = (
				94ABF7EDA91568EFB6310536 /* Assets.xcassets */,
			);
			path = Supporting;
			sourceTree = "<group>";
		};
		8412EF6308E94A0C37EAF816 /* Plan */ = {
			isa = PBXGroup;
			children = (
				FAF4FCFC4A59055B1BA4CDA8 /* ActualState.swift */,
				D618A3822B48A5F3E8028ADE /* Planner.swift */,
				220A6E0FD20FA397139568C1 /* PlanStep.swift */,
				EC4609C1C1DC4FF0D6E8A6FA /* StateReader.swift */,
				75FB80ED135661ADCB92E60F /* Validator.swift */,
			);
			path = Plan;
			sourceTree = "<group>";
		};
		93590221B20394F6A9033421 /* SubmitKit */ = {
			isa = PBXGroup;
			children = (
				357ED34B5E1766972F7C80F5 /* Assets */,
				D73076BB6E39ECD09C661C11 /* Build */,
				33BC8625D9618DCA8E9F617A /* Clients */,
				984284F5D6D6FC2723E106A0 /* Console */,
				060710D590115AA445C6D394 /* Credentials */,
				E845EEF178C92FBAB7A01542 /* Manifest */,
				F9304F356446F37B5747820A /* Mapping */,
				4E1BF273AAD9F46F8F991E9F /* Package */,
				8412EF6308E94A0C37EAF816 /* Plan */,
				D805D4E3023251D94218A02C /* Release */,
				AC2139860B11D1548F1B9138 /* Resources */,
				0A7CA951D0D99006A1D4CF5E /* Run */,
			);
			path = SubmitKit;
			sourceTree = "<group>";
		};
		984284F5D6D6FC2723E106A0 /* Console */ = {
			isa = PBXGroup;
			children = (
				4041BBC96E546A5C3B189D36 /* ConsoleChecklist.swift */,
			);
			path = Console;
			sourceTree = "<group>";
		};
		AC2139860B11D1548F1B9138 /* Resources */ = {
			isa = PBXGroup;
			children = (
				A68D788C058A969747CCDAA8 /* screenshot-sizes.json */,
				9F126F1158ED8BAA7AB499BC /* store.schema.json */,
			);
			path = Resources;
			sourceTree = "<group>";
		};
		B25B833877E1086D6D560B4B /* Tests */ = {
			isa = PBXGroup;
			children = (
				51FCFFFC822F8943AB24B2CE /* SubmitKitTests */,
				35EEC40A275D613AEB220F4B /* SuperSubmitterUITests */,
			);
			path = Tests;
			sourceTree = "<group>";
		};
		B74D951D644E0304AA9FF7C1 /* Build */ = {
			isa = PBXGroup;
			children = (
				065E15DF6AFE7DCA28B9E994 /* BuildFlow.swift */,
				EF116D2CBC71AB75AA21129C /* BuildFlowRun.swift */,
				F6E1B5C011E3DC54A2ED2F08 /* BuildFromProjectView.swift */,
			);
			path = Build;
			sourceTree = "<group>";
		};
		B7F6A26A63DEABD2C41C78D0 /* Sources */ = {
			isa = PBXGroup;
			children = (
				93590221B20394F6A9033421 /* SubmitKit */,
				C36B934E06E6E566A4C16462 /* SuperSubmitter */,
			);
			path = Sources;
			sourceTree = "<group>";
		};
		C36B934E06E6E566A4C16462 /* SuperSubmitter */ = {
			isa = PBXGroup;
			children = (
				386169BC69A8E699748AE3AC /* AppState.swift */,
				F40AF41EE8A5F072EFBAD071 /* AppStateAppleActions.swift */,
				75812E72D8517689DBB03F82 /* AppStateArtifacts.swift */,
				B41DF84B54D31B54FACFEA4F /* AppStateCatalog.swift */,
				4EBD6FED9F592D6DC5898FB2 /* AppStateExistingImport.swift */,
				E9A1913387574636BF5B1062 /* AppStateGoogleActions.swift */,
				DD81D4B5724302E529BD064E /* AppStateMarketing.swift */,
				00AD4377262D22043ADD9A3A /* AppStateMarketingApply.swift */,
				E3AA57DF716DDDCF5552F76F /* AppStateRun.swift */,
				C7E3BB00DDBA70D1521D8CC0 /* DemoData.swift */,
				149E97C967CC8966ED2C29DB /* ExistingAppImport.swift */,
				D7E65258B651A45C64DE1F83 /* PostHogClient.swift */,
				234CEE3E04249CA744E9FBB0 /* StoreSnapshot.swift */,
				CC15B00B50A626A5F4200EF8 /* SuperSubmitterApp.swift */,
				7FE78CA68577267148B61B1E /* Tab.swift */,
				B74D951D644E0304AA9FF7C1 /* Build */,
				E8C7151DACCABEA646B0907B /* Design */,
				37004A89EF8A5C1345AFEC0F /* Overlays */,
				5D48F4780E265899C2447181 /* Resources */,
				E878F2C6C018F67A92832F43 /* Shell */,
				EE4252AC003BB39FA1922A8F /* Tabs */,
			);
			path = SuperSubmitter;
			sourceTree = "<group>";
		};
		D73076BB6E39ECD09C661C11 /* Build */ = {
			isa = PBXGroup;
			children = (
				2EF39FCAEF6F8F553220AC24 /* AndroidBuildService.swift */,
				E74E2FD14F99B42014E7C967 /* AppleBuildService.swift */,
				6DE54D096EF55A82E4DEB084 /* BuildModels.swift */,
				2E478E4DC53EB86AD9227D47 /* BuildStorage.swift */,
				DA1117E3BE5331194E42ADC9 /* ProjectDiscovery.swift */,
				2AE871FE21655B5878BD19A1 /* Redaction.swift */,
				BEFADD5D0C024A395A42101D /* ToolProcess.swift */,
				A4D1B38E1BC07601F5407CE3 /* UploadRun.swift */,
				C7DF63306FED48988313FED2 /* UploadService.swift */,
			);
			path = Build;
			sourceTree = "<group>";
		};
		D805D4E3023251D94218A02C /* Release */ = {
			isa = PBXGroup;
			children = (
				8D0C17A03108A0D101068749 /* ReleaseClient.swift */,
				29104E1FA3BB399C3F6D6180 /* StatusReader.swift */,
			);
			path = Release;
			sourceTree = "<group>";
		};
		E845EEF178C92FBAB7A01542 /* Manifest */ = {
			isa = PBXGroup;
			children = (
				4DE1B143847CE02CF815F91C /* Managed.swift */,
				125542C9DF2F69ED1E405146 /* Manifest.swift */,
				6DD54A6C465F1780A1344BAF /* ManifestBlocks.swift */,
				514BD0BE0520FD8F26338DB8 /* ManifestDrafts.swift */,
				DE68BE6466E075A815F827DF /* ManifestEditing.swift */,
				11F487A6A33C04D956210C7B /* ManifestFile.swift */,
			);
			path = Manifest;
			sourceTree = "<group>";
		};
		E878F2C6C018F67A92832F43 /* Shell */ = {
			isa = PBXGroup;
			children = (
				3BE9B11225EBCA1175F86028 /* RootView.swift */,
				8D79C5DE3F2E7E5B601B24DD /* Sidebar.swift */,
				173D08DC167E430EDF6B2071 /* TopBar.swift */,
			);
			path = Shell;
			sourceTree = "<group>";
		};
		E8C7151DACCABEA646B0907B /* Design */ = {
			isa = PBXGroup;
			children = (
				30A17C7F3344A746710460DD /* StoreMark.swift */,
				C91945C6121D0FE2ADC5C94F /* StoreSelection.swift */,
				B9FC1FA910D79B3D3ED2FB4F /* Theme.swift */,
			);
			path = Design;
			sourceTree = "<group>";
		};
		EE4252AC003BB39FA1922A8F /* Tabs */ = {
			isa = PBXGroup;
			children = (
				485C733B823964B46B2EBAEB /* AndroidArtifactsSection.swift */,
				35D49903E91FE8C20866E17B /* AppStorePanels.swift */,
				30D4C875E4DDDAD0E5173D72 /* BuildTab.swift */,
				1B1BACCC636778CEAA23A8EA /* DetailsTab.swift */,
				4631D9937E6EB1AE1BA61A1C /* GooglePlayPanels.swift */,
				BCB1E1387A606C12224884C7 /* ManagingTabs.swift */,
				6C0183D2E989679F9F418ACC /* MarketingTab.swift */,
				3D91EA1D4DAB192A7E79D52C /* MediaTab.swift */,
				88FFBAD82D86A4775D0AF48C /* MoneyTab.swift */,
				92CC10AAB4F6572C96CD9F98 /* OfferEditor.swift */,
				A516E6CD3FCB821FB333310F /* PlanTab.swift */,
				FC097DCA30B2597397FCC4A8 /* ReleaseTab.swift */,
				041F7F4AB25F8958647863BA /* ReviewInfoTab.swift */,
				1DA4D52C3FAD900F87D3E9D4 /* StoreDiagnosticsPanel.swift */,
				6E0A38CD258BBFB146CDAF85 /* StoresTab.swift */,
				FA854F3404BF83F5D20FC91D /* SubmitTab.swift */,
				ECCA4138B5E91EB580C3D18D /* TabContent.swift */,
				B222798FBF3DC0E4B6D9DCE6 /* VitalsPanel.swift */,
				98AD0829DC97ED0C890FEF3E /* XcodeCloudPanel.swift */,
				28B68E05258D44AEC25A6A00 /* YAMLEditor.swift */,
			);
			path = Tabs;
			sourceTree = "<group>";
		};
		F9304F356446F37B5747820A /* Mapping */ = {
			isa = PBXGroup;
			children = (
				B552F0B4703F1833D8640EF6 /* BindingLimits.swift */,
				624A241FEC59B61D4122D435 /* PriceDraft.swift */,
			);
			path = Mapping;
			sourceTree = "<group>";
		};
/* End PBXGroup section */

/* Begin PBXNativeTarget section */
		39DB00C623ACEA7EC699FFD9 /* SubmitKit */ = {
			isa = PBXNativeTarget;
			buildConfigurationList = 061B6E9C17C365932682023B /* Build configuration list for PBXNativeTarget "SubmitKit" */;
			buildPhases = (
				1D9DBBA489886489F586DDF2 /* Sources */,
				92343352D68A8092637CFA91 /* Resources */,
				DE3122F09EAD79BE928CAA34 /* Frameworks */,
			);
			buildRules = (
			);
			dependencies = (
			);
			name = SubmitKit;
			packageProductDependencies = (
				3E24EFA40C6001AC87CB30E8 /* Yams */,
			);
			productName = SubmitKit;
			productReference = 0F0A38C40B86738E2ABCE03A /* SubmitKit.framework */;
			productType = "com.apple.product-type.framework";
		};
		60326BFE02B771975BD05AD6 /* SuperSubmitterUITests */ = {
			isa = PBXNativeTarget;
			buildConfigurationList = 405AA6BC495765C771CA0787 /* Build configuration list for PBXNativeTarget "SuperSubmitterUITests" */;
			buildPhases = (
				A018BDB004FE1C8F36EA7E30 /* Sources */,
			);
			buildRules = (
			);
			dependencies = (
				FFD8C6F064F76CEAE6066CE6 /* PBXTargetDependency */,
			);
			name = SuperSubmitterUITests;
			packageProductDependencies = (
			);
			productName = SuperSubmitterUITests;
			productReference = 3D72FADF6AFA5D05B8F23285 /* SuperSubmitterUITests.xctest */;
			productType = "com.apple.product-type.bundle.unit-test";
		};
		72E69774B43F9BB49182FEB4 /* SuperSubmitter */ = {
			isa = PBXNativeTarget;
			buildConfigurationList = EE6682604731B31DC00725BC /* Build configuration list for PBXNativeTarget "SuperSubmitter" */;
			buildPhases = (
				50104BA7B540B05FF804178A /* Sources */,
				7CC96671D96A8669BC2819E8 /* Resources */,
				D3349FE4616809F9B696385B /* Frameworks */,
				30956B30A819FD51EDB7FA57 /* Embed Frameworks */,
			);
			buildRules = (
			);
			dependencies = (
				A8F56B2ACB1B48F81EB0EDCD /* PBXTargetDependency */,
			);
			name = SuperSubmitter;
			packageProductDependencies = (
				CF7B2BCCCD28B1CC68E61CC0 /* PostHog */,
			);
			productName = SuperSubmitter;
			productReference = E340A1A5704EE1348889575C /* SuperSubmitter.app */;
			productType = "com.apple.product-type.application";
		};
		C86817B17F30AB7C8E95A292 /* SubmitKitTests */ = {
			isa = PBXNativeTarget;
			buildConfigurationList = BA8EBF351BA710842DF61139 /* Build configuration list for PBXNativeTarget "SubmitKitTests" */;
			buildPhases = (
				07B0B1DF03B9E650847A490E /* Sources */,
				7283E21DF21034E8F5AC58AD /* Resources */,
				68BEB031831416AF3B1E09B5 /* Frameworks */,
				A3B15358F119CA12F098E4A3 /* Embed Frameworks */,
			);
			buildRules = (
			);
			dependencies = (
				60D97A4FDAA26B7E81A28411 /* PBXTargetDependency */,
			);
			name = SubmitKitTests;
			packageProductDependencies = (
			);
			productName = SubmitKitTests;
			productReference = 82E391F22B07A76FF80ED693 /* SubmitKitTests.xctest */;
			productType = "com.apple.product-type.bundle.unit-test";
		};
/* End PBXNativeTarget section */

/* Begin PBXProject section */
		470C0D958386F6F4FB8D7F92 /* Project object */ = {
			isa = PBXProject;
			attributes = {
				BuildIndependentTargetsInParallel = YES;
				LastUpgradeCheck = 1430;
				TargetAttributes = {
					72E69774B43F9BB49182FEB4 = {
						ProvisioningStyle = Automatic;
					};
				};
			};
			buildConfigurationList = D7617BB5D83DAD593F2A09DD /* Build configuration list for PBXProject "SuperSubmitter" */;
			developmentRegion = en;
			hasScannedForEncodings = 0;
			knownRegions = (
				Base,
				en,
			);
			mainGroup = 0108393B1E31F3D05EEFF31A;
			minimizedProjectReferenceProxies = 1;
			packageReferences = (
				D0A14FD51D98974A7729EA4E /* XCRemoteSwiftPackageReference "posthog-ios" */,
				7DB371C11FA1713DA7E42F06 /* XCRemoteSwiftPackageReference "Yams" */,
			);
			preferredProjectObjectVersion = 77;
			productRefGroup = 6113C3BADBF196EF694A89B2 /* Products */;
			projectDirPath = "";
			projectRoot = "";
			targets = (
				39DB00C623ACEA7EC699FFD9 /* SubmitKit */,
				C86817B17F30AB7C8E95A292 /* SubmitKitTests */,
				72E69774B43F9BB49182FEB4 /* SuperSubmitter */,
				60326BFE02B771975BD05AD6 /* SuperSubmitterUITests */,
			);
		};
/* End PBXProject section */

/* Begin PBXResourcesBuildPhase section */
		7283E21DF21034E8F5AC58AD /* Resources */ = {
			isa = PBXResourcesBuildPhase;
			buildActionMask = 2147483647;
			files = (
				5A5AA8F8953D57357C9DF875 /* AndroidManifest.pb in Resources */,
			);
			runOnlyForDeploymentPostprocessing = 0;
		};
		7CC96671D96A8669BC2819E8 /* Resources */ = {
			isa = PBXResourcesBuildPhase;
			buildActionMask = 2147483647;
			files = (
				CE17E36BCBA0C984BD250AC8 /* AppIcon.png in Resources */,
				660667194BAFF16B78D85CCD /* Assets.xcassets in Resources */,
			);
			runOnlyForDeploymentPostprocessing = 0;
		};
		92343352D68A8092637CFA91 /* Resources */ = {
			isa = PBXResourcesBuildPhase;
			buildActionMask = 2147483647;
			files = (
				F8BE96D6021A97655433EC7F /* screenshot-sizes.json in Resources */,
				BD67803523A7C5A0A05DC8A5 /* store.schema.json in Resources */,
			);
			runOnlyForDeploymentPostprocessing = 0;
		};
/* End PBXResourcesBuildPhase section */

/* Begin PBXSourcesBuildPhase section */
		07B0B1DF03B9E650847A490E /* Sources */ = {
			isa = PBXSourcesBuildPhase;
			buildActionMask = 2147483647;
			files = (
				400A6F5920629C95F4A34A1B /* AppleKeyIDTests.swift in Sources */,
				9036758C8FB9C8BF09B765FF /* BindingLimitsTests.swift in Sources */,
				6854F943A12AB2FDA9E6CCC8 /* BuildDiscoveryTests.swift in Sources */,
				4E0B74C2CB8334E6973E8DE7 /* CatalogAndMarketingTests.swift in Sources */,
				4A8EE31346BF79191030021B /* ConsoleChecklistTests.swift in Sources */,
				9D21037A87BCF8695A14D7CA /* CoverageGapTests.swift in Sources */,
				72856A3A54EA6635E8F43083 /* GoogleArtifactTests.swift in Sources */,
				0F5A529BE543E831DF44DDC6 /* GooglePlayGapTests.swift in Sources */,
				011F6A3C642A88D045102753 /* ManifestBlockTests.swift in Sources */,
				C5D2D71BDF83A54C4F1B6C44 /* ManifestEditingTests.swift in Sources */,
				920195C212422C9A6B85D01A /* ManifestTests.swift in Sources */,
				52F03A056D7BF750D953FC53 /* PackageReaderTests.swift in Sources */,
				1EE99FE798E4B23C662567B0 /* PlannerTests.swift in Sources */,
				CA3A815E6C174DD0ABE630C5 /* ReadBackTests.swift in Sources */,
				7E56642B8A4955C0DF5C91C2 /* RemoteSafetyTests.swift in Sources */,
				B0782B86CCCD9D6E3D6B4AE7 /* RunLogTests.swift in Sources */,
				50B2AF3924E97DA20BD3F820 /* RuntimePlaceholderTests.swift in Sources */,
				FE24B4939F5A29121879DAE8 /* StoreAPITests.swift in Sources */,
				47584C4486DB9641E4C6E106 /* StoreCoverageTests.swift in Sources */,
				4699675BB672899962203F06 /* StoreImportReaderTests.swift in Sources */,
				C4C661FD62FA8FF5A66015B1 /* StorePathTests.swift in Sources */,
				A7BC8EEAAF218D2A98D5EABD /* ToolProcessTests.swift in Sources */,
				ADFA52DF2F75227B61890394 /* UploadStateTests.swift in Sources */,
				4EB50C468BFAD5941DA58FC8 /* ValidatorTests.swift in Sources */,
				1161CC92C0496D661C068BBC /* YAMLFidelityTests.swift in Sources */,
			);
			runOnlyForDeploymentPostprocessing = 0;
		};
		1D9DBBA489886489F586DDF2 /* Sources */ = {
			isa = PBXSourcesBuildPhase;
			buildActionMask = 2147483647;
			files = (
				26CE78492BC605FBDABDAFBD /* ActualState.swift in Sources */,
				D92B32DB48D0016E9173126F /* AndroidBuildService.swift in Sources */,
				35A10BCD55EF3CA63550DB4F /* AppPackage.swift in Sources */,
				6218146ED95885FB74E44A8C /* AppleActionsClient.swift in Sources */,
				61D137CE5F8D28EDAD2B28B0 /* AppleApply.swift in Sources */,
				757C281F2EF136DB96DDAA88 /* AppleBuildService.swift in Sources */,
				BA2DD41E7277D265CFFD1F72 /* AppleCatalogClient.swift in Sources */,
				7C52B9F0947EE5EA75085AF5 /* AppleMarketing.swift in Sources */,
				FED79236EC36AA9F18BFB271 /* AppleSubscriptions.swift in Sources */,
				FCAD049B51F10F0C25DA08F3 /* AppleTestFlight.swift in Sources */,
				3B29B4FE4D58B3480F21B6F2 /* AppleTestFlightClient.swift in Sources */,
				19F67A83CCD24C23ECEB5629 /* AssetInspector.swift in Sources */,
				ACA4BE2A48864A4C49A13960 /* BindingLimits.swift in Sources */,
				A7BC7411ABBA934D1E15DD54 /* BuildModels.swift in Sources */,
				B69AA211EC7342E24F49B592 /* BuildStorage.swift in Sources */,
				321F8A0AB936919FA72CF1CD /* CommandRunner.swift in Sources */,
				3513A5966C61DD01429D9091 /* ConsoleChecklist.swift in Sources */,
				AC51904FE56A1C1FBB6B258A /* Credentials.swift in Sources */,
				FB7F57877611E186A8058525 /* GoogleActionsClient.swift in Sources */,
				BFCE5FC2D25C810F88C234E3 /* GoogleApply.swift in Sources */,
				0C6852E34898886007962FCA /* GoogleCatalog.swift in Sources */,
				68A15B4595D1A6C9B3C52985 /* GoogleCatalogClient.swift in Sources */,
				D54CE746D4D0C651B14378B5 /* JSON.swift in Sources */,
				D1CDEAADBC810D7896042EA3 /* Managed.swift in Sources */,
				114F6E5A94D031BC16E25734 /* Manifest.swift in Sources */,
				E41CD22114AE0640251C380E /* ManifestBlocks.swift in Sources */,
				AAE43DA4ABC43627D75C71B3 /* ManifestDrafts.swift in Sources */,
				8E6F8C103D3355F696E3C3CB /* ManifestEditing.swift in Sources */,
				FCA2F3D95DF8B67FBDEC8561 /* ManifestFile.swift in Sources */,
				FCD6C6D26B7A2006E9D9B9CD /* PackageReader.swift in Sources */,
				FAC7D4EC0745F35E909A8F0A /* PlanStep.swift in Sources */,
				BB68827901D56AB194F7B551 /* Planner.swift in Sources */,
				4CA3A601A81E0CC018CF74D9 /* PriceDraft.swift in Sources */,
				55CE06F6D950B18D5222F276 /* ProjectDiscovery.swift in Sources */,
				FAF804DE2D9D05F6EB014D58 /* ProtoManifest.swift in Sources */,
				B5F84498304FABA8F28ED612 /* ProviderApply.swift in Sources */,
				C1F59B28E0F0920AD38350DB /* ProviderConnectionClient.swift in Sources */,
				5D2BA12F88D7562DBBF950BB /* Redaction.swift in Sources */,
				85ECEB14517B8A2A9F13B748 /* ReleaseClient.swift in Sources */,
				B2D0999070213E5AB76E174D /* RunLog.swift in Sources */,
				EAA558832C6FAAE3CCCF1BE3 /* Runner.swift in Sources */,
				C0033432DF46E4A5BB285FBC /* StateReader.swift in Sources */,
				5BB3EED42330645D14C4A588 /* StatusReader.swift in Sources */,
				3D5340111B57CD2CADDE092B /* StoreAPI.swift in Sources */,
				B62E106ADF359BEA077FADDB /* StoreConnectionClient.swift in Sources */,
				41CB1EE794CDAB45A3C8EE36 /* StoreDiagnostics.swift in Sources */,
				725893D2A368CB0E69A76ED9 /* StoreImportReader.swift in Sources */,
				1584043AE485767DE9EFADE9 /* StoreVitalsClient.swift in Sources */,
				DF06F6117F56D91F5956BD8C /* ToolProcess.swift in Sources */,
				A2B2E86A33D5389C6B28683E /* UploadRun.swift in Sources */,
				3196AF55A7448A7FAD213FE7 /* UploadService.swift in Sources */,
				D01BD63DF00FABF310CE0D9A /* Validator.swift in Sources */,
				6B4D0B0EA41EF20B6DB5AD28 /* XcodeCloudClient.swift in Sources */,
			);
			runOnlyForDeploymentPostprocessing = 0;
		};
		50104BA7B540B05FF804178A /* Sources */ = {
			isa = PBXSourcesBuildPhase;
			buildActionMask = 2147483647;
			files = (
				D0B52861B91905FC906B6DB9 /* AddLocaleSheet.swift in Sources */,
				FCD2FEF74C0E1C1EBC8816F7 /* AndroidArtifactsSection.swift in Sources */,
				1B25D24EE6D4C6D94E770D16 /* AppState.swift in Sources */,
				82A164B4436F5ED3ADD99138 /* AppStateAppleActions.swift in Sources */,
				88706A2206A6D167031D5C00 /* AppStateArtifacts.swift in Sources */,
				85182B476C60DAF6322F18A1 /* AppStateCatalog.swift in Sources */,
				61410815C5F8D4261E355306 /* AppStateExistingImport.swift in Sources */,
				4BBF9997B69994DE3558D2DD /* AppStateGoogleActions.swift in Sources */,
				CB864ED3360981839F130C9D /* AppStateMarketing.swift in Sources */,
				68AF48841AEB852785BF4DA2 /* AppStateMarketingApply.swift in Sources */,
				58F248D6A9D53BAAD9E22788 /* AppStateRun.swift in Sources */,
				A9A480FFB5A1DB4185CB37D6 /* AppStorePanels.swift in Sources */,
				F39F7E355F37B20BF46985CD /* BuildFlow.swift in Sources */,
				5D3969DAC2D6E8C4A65C85D3 /* BuildFlowRun.swift in Sources */,
				E3AAC9F3AEC53746DC5FEAE2 /* BuildFromProjectView.swift in Sources */,
				6CB056B9EBC52C5191BAF946 /* BuildTab.swift in Sources */,
				E69097C498FD20F8742C42AC /* DemoData.swift in Sources */,
				3A237C2C616EAE1D774FE358 /* DetailsTab.swift in Sources */,
				EE68E039BD15D8D0C260A9D7 /* ExistingAppImport.swift in Sources */,
				FA6146E83AAD3EADDBE3B3B5 /* ExistingAppImportSheet.swift in Sources */,
				7182CE48903F188F8BF8AB36 /* GooglePlayPanels.swift in Sources */,
				8E1B38B255D980F39FA2C3B7 /* ManagingTabs.swift in Sources */,
				F72277A85EE651C7DDD90F59 /* MarketingTab.swift in Sources */,
				2EBA77B2C836B214F242EE28 /* MediaTab.swift in Sources */,
				3A17277203EF28D42CD7EBED /* MenuBarPopover.swift in Sources */,
				C930AE41EBBB327BEA8F9AB6 /* MoneyTab.swift in Sources */,
				070C12160F7B462D28E18B81 /* OfferEditor.swift in Sources */,
				F82ADF7D6568471646AD461D /* OnboardingPanel.swift in Sources */,
				30691A3DA2AEAA507A299B09 /* PlanTab.swift in Sources */,
				7BAC8763E43C84592CEA6BAF /* PostHogClient.swift in Sources */,
				BAD1B5516B9F9D81FCA2EC27 /* ReleaseSheet.swift in Sources */,
				B67BA79BC0F7F125C4078730 /* ReleaseTab.swift in Sources */,
				26B4B8EC2B79B091D7090022 /* ReviewInfoTab.swift in Sources */,
				E550C88143E712EAA76C1420 /* RootView.swift in Sources */,
				2DE34F786B0F293D3A365470 /* SettingsPanel.swift in Sources */,
				787090BDBED28F6E8D8675AB /* Sidebar.swift in Sources */,
				04232A1F8E5CBB7994D3E498 /* StoreDiagnosticsPanel.swift in Sources */,
				E51772E36D69CABFEC47E053 /* StoreMark.swift in Sources */,
				06930BD80F48E1A064372E14 /* StoreSelection.swift in Sources */,
				316D131EA0C23D5E1610E128 /* StoreSnapshot.swift in Sources */,
				DFABFB6B38129BD98E3C6C45 /* StoresTab.swift in Sources */,
				A17155D72A9F7E0EA624EE63 /* SubmitTab.swift in Sources */,
				530A43C6C1763DE8F8E08836 /* SuperSubmitterApp.swift in Sources */,
				FD29EAE3D515911AA70F5DE0 /* Tab.swift in Sources */,
				EEE3B2FC2F61E042BD0CCFA2 /* TabContent.swift in Sources */,
				4B76E33517B6594891F7FCD3 /* Theme.swift in Sources */,
				4EAE7ACFB6C1508C4D9699A0 /* TopBar.swift in Sources */,
				80D144147395B49327EAA66C /* VitalsPanel.swift in Sources */,
				E87F3026CA9AC136AD93E44A /* XcodeCloudPanel.swift in Sources */,
				FEE535EE2B646D0C2E07807E /* YAMLEditor.swift in Sources */,
			);
			runOnlyForDeploymentPostprocessing = 0;
		};
		A018BDB004FE1C8F36EA7E30 /* Sources */ = {
			isa = PBXSourcesBuildPhase;
			buildActionMask = 2147483647;
			files = (
				7FC432426D57FA25E2FD9433 /* AppIconTests.swift in Sources */,
				4C5125281AB8833C02CE6B86 /* ExistingAppImportTests.swift in Sources */,
				2B920DF6A3FBD642BAA29343 /* GoogleActionsPanelTests.swift in Sources */,
				A869655F8A2E446669E2C5D7 /* PlayMarkTests.swift in Sources */,
				BE96E12BD8444E627DCA4C3A /* RemoveLinkedAppTests.swift in Sources */,
				8E42713758764C12892142D6 /* StoreSnapshotTests.swift in Sources */,
				1CAA1EE5153F2DB7276E8451 /* TabStructureTests.swift in Sources */,
			);
			runOnlyForDeploymentPostprocessing = 0;
		};
/* End PBXSourcesBuildPhase section */

/* Begin PBXTargetDependency section */
		60D97A4FDAA26B7E81A28411 /* PBXTargetDependency */ = {
			isa = PBXTargetDependency;
			target = 39DB00C623ACEA7EC699FFD9 /* SubmitKit */;
			targetProxy = D392B6BD5EFF04130686D8E8 /* PBXContainerItemProxy */;
		};
		A8F56B2ACB1B48F81EB0EDCD /* PBXTargetDependency */ = {
			isa = PBXTargetDependency;
			target = 39DB00C623ACEA7EC699FFD9 /* SubmitKit */;
			targetProxy = 96A53CE9098D42328CD09DD1 /* PBXContainerItemProxy */;
		};
		FFD8C6F064F76CEAE6066CE6 /* PBXTargetDependency */ = {
			isa = PBXTargetDependency;
			target = 72E69774B43F9BB49182FEB4 /* SuperSubmitter */;
			targetProxy = 8C4A2570D0F487F79D9DAF9A /* PBXContainerItemProxy */;
		};
/* End PBXTargetDependency section */

/* Begin XCBuildConfiguration section */
		1B49F2DC4F46A2E456449C45 /* Debug */ = {
			isa = XCBuildConfiguration;
			buildSettings = {
				ASSETCATALOG_COMPILER_APPICON_NAME = AppIcon;
				CODE_SIGN_ENTITLEMENTS = SuperSubmitter.entitlements;
				CODE_SIGN_STYLE = Automatic;
				COMBINE_HIDPI_IMAGES = YES;
				CURRENT_PROJECT_VERSION = 1;
				ENABLE_HARDENED_RUNTIME = YES;
				GENERATE_INFOPLIST_FILE = YES;
				INFOPLIST_KEY_CFBundleDisplayName = "Super Submitter";
				INFOPLIST_KEY_LSApplicationCategoryType = "public.app-category.developer-tools";
				INFOPLIST_KEY_NSHumanReadableCopyright = "Copyright © 2026 Rafa CST";
				INFOPLIST_KEY_NSPrincipalClass = NSApplication;
				LD_RUNPATH_SEARCH_PATHS = (
					"$(inherited)",
					"@executable_path/../Frameworks",
				);
				MACOSX_DEPLOYMENT_TARGET = 14.0;
				MARKETING_VERSION = 1.0.0;
				PRODUCT_BUNDLE_IDENTIFIER = com.rafacst.supersubmitter;
				PRODUCT_NAME = SuperSubmitter;
				SDKROOT = macosx;
				SWIFT_VERSION = 6.0;
			};
			name = Debug;
		};
		5668BDCE8DEDD72B849BE688 /* Debug */ = {
			isa = XCBuildConfiguration;
			buildSettings = {
				BUNDLE_LOADER = "$(TEST_HOST)";
				COMBINE_HIDPI_IMAGES = YES;
				GENERATE_INFOPLIST_FILE = YES;
				LD_RUNPATH_SEARCH_PATHS = (
					"$(inherited)",
					"@executable_path/../Frameworks",
					"@loader_path/../Frameworks",
				);
				SDKROOT = macosx;
			};
			name = Debug;
		};
		67DACF62D5F688C9730C926E /* Debug */ = {
			isa = XCBuildConfiguration;
			buildSettings = {
				CODE_SIGN_IDENTITY = "";
				COMBINE_HIDPI_IMAGES = YES;
				CURRENT_PROJECT_VERSION = 1;
				DEFINES_MODULE = YES;
				DYLIB_COMPATIBILITY_VERSION = 1;
				DYLIB_CURRENT_VERSION = 1;
				DYLIB_INSTALL_NAME_BASE = "@rpath";
				GENERATE_INFOPLIST_FILE = YES;
				INSTALL_PATH = "$(LOCAL_LIBRARY_DIR)/Frameworks";
				LD_RUNPATH_SEARCH_PATHS = (
					"$(inherited)",
					"@executable_path/../Frameworks",
				);
				PRODUCT_BUNDLE_IDENTIFIER = com.rafacst.supersubmitter.submitkit;
				SDKROOT = macosx;
				SKIP_INSTALL = YES;
				SWIFT_VERSION = 6.0;
				VERSIONING_SYSTEM = "apple-generic";
			};
			name = Debug;
		};
		70EA211CE90F3486AFD9F2F4 /* Release */ = {
			isa = XCBuildConfiguration;
			buildSettings = {
				BUNDLE_LOADER = "$(TEST_HOST)";
				COMBINE_HIDPI_IMAGES = YES;
				GENERATE_INFOPLIST_FILE = YES;
				LD_RUNPATH_SEARCH_PATHS = (
					"$(inherited)",
					"@executable_path/../Frameworks",
					"@loader_path/../Frameworks",
				);
				SDKROOT = macosx;
			};
			name = Release;
		};
		958C1E133767955DAF75BAEB /* Release */ = {
			isa = XCBuildConfiguration;
			buildSettings = {
				ASSETCATALOG_COMPILER_APPICON_NAME = AppIcon;
				CODE_SIGN_ENTITLEMENTS = SuperSubmitter.entitlements;
				CODE_SIGN_STYLE = Automatic;
				COMBINE_HIDPI_IMAGES = YES;
				CURRENT_PROJECT_VERSION = 1;
				ENABLE_HARDENED_RUNTIME = YES;
				GENERATE_INFOPLIST_FILE = YES;
				INFOPLIST_KEY_CFBundleDisplayName = "Super Submitter";
				INFOPLIST_KEY_LSApplicationCategoryType = "public.app-category.developer-tools";
				INFOPLIST_KEY_NSHumanReadableCopyright = "Copyright © 2026 Rafa CST";
				INFOPLIST_KEY_NSPrincipalClass = NSApplication;
				LD_RUNPATH_SEARCH_PATHS = (
					"$(inherited)",
					"@executable_path/../Frameworks",
				);
				MACOSX_DEPLOYMENT_TARGET = 14.0;
				MARKETING_VERSION = 1.0.0;
				PRODUCT_BUNDLE_IDENTIFIER = com.rafacst.supersubmitter;
				PRODUCT_NAME = SuperSubmitter;
				SDKROOT = macosx;
				SWIFT_VERSION = 6.0;
			};
			name = Release;
		};
		C102F2DB0B41EF18315B2C47 /* Debug */ = {
			isa = XCBuildConfiguration;
			buildSettings = {
				BUNDLE_LOADER = "$(TEST_HOST)";
				COMBINE_HIDPI_IMAGES = YES;
				GENERATE_INFOPLIST_FILE = YES;
				LD_RUNPATH_SEARCH_PATHS = (
					"$(inherited)",
					"@executable_path/../Frameworks",
					"@loader_path/../Frameworks",
				);
				SDKROOT = macosx;
				TEST_HOST = "$(BUILT_PRODUCTS_DIR)/SuperSubmitter.app/Contents/MacOS/SuperSubmitter";
			};
			name = Debug;
		};
		E7D4C1859CD888A955C2F685 /* Release */ = {
			isa = XCBuildConfiguration;
			buildSettings = {
				ALWAYS_SEARCH_USER_PATHS = NO;
				CLANG_ANALYZER_NONNULL = YES;
				CLANG_ANALYZER_NUMBER_OBJECT_CONVERSION = YES_AGGRESSIVE;
				CLANG_CXX_LANGUAGE_STANDARD = "gnu++14";
				CLANG_CXX_LIBRARY = "libc++";
				CLANG_ENABLE_MODULES = YES;
				CLANG_ENABLE_OBJC_ARC = YES;
				CLANG_ENABLE_OBJC_WEAK = YES;
				CLANG_WARN_BLOCK_CAPTURE_AUTORELEASING = YES;
				CLANG_WARN_BOOL_CONVERSION = YES;
				CLANG_WARN_COMMA = YES;
				CLANG_WARN_CONSTANT_CONVERSION = YES;
				CLANG_WARN_DEPRECATED_OBJC_IMPLEMENTATIONS = YES;
				CLANG_WARN_DIRECT_OBJC_ISA_USAGE = YES_ERROR;
				CLANG_WARN_DOCUMENTATION_COMMENTS = YES;
				CLANG_WARN_EMPTY_BODY = YES;
				CLANG_WARN_ENUM_CONVERSION = YES;
				CLANG_WARN_INFINITE_RECURSION = YES;
				CLANG_WARN_INT_CONVERSION = YES;
				CLANG_WARN_NON_LITERAL_NULL_CONVERSION = YES;
				CLANG_WARN_OBJC_IMPLICIT_RETAIN_SELF = YES;
				CLANG_WARN_OBJC_LITERAL_CONVERSION = YES;
				CLANG_WARN_OBJC_ROOT_CLASS = YES_ERROR;
				CLANG_WARN_QUOTED_INCLUDE_IN_FRAMEWORK_HEADER = YES;
				CLANG_WARN_RANGE_LOOP_ANALYSIS = YES;
				CLANG_WARN_STRICT_PROTOTYPES = YES;
				CLANG_WARN_SUSPICIOUS_MOVE = YES;
				CLANG_WARN_UNGUARDED_AVAILABILITY = YES_AGGRESSIVE;
				CLANG_WARN_UNREACHABLE_CODE = YES;
				CLANG_WARN__DUPLICATE_METHOD_MATCH = YES;
				COPY_PHASE_STRIP = NO;
				DEBUG_INFORMATION_FORMAT = "dwarf-with-dsym";
				ENABLE_NS_ASSERTIONS = NO;
				ENABLE_STRICT_OBJC_MSGSEND = YES;
				GCC_C_LANGUAGE_STANDARD = gnu11;
				GCC_NO_COMMON_BLOCKS = YES;
				GCC_WARN_64_TO_32_BIT_CONVERSION = YES;
				GCC_WARN_ABOUT_RETURN_TYPE = YES_ERROR;
				GCC_WARN_UNDECLARED_SELECTOR = YES;
				GCC_WARN_UNINITIALIZED_AUTOS = YES_AGGRESSIVE;
				GCC_WARN_UNUSED_FUNCTION = YES;
				GCC_WARN_UNUSED_VARIABLE = YES;
				MACOSX_DEPLOYMENT_TARGET = 14.0;
				MTL_ENABLE_DEBUG_INFO = NO;
				MTL_FAST_MATH = YES;
				PRODUCT_NAME = "$(TARGET_NAME)";
				SDKROOT = macosx;
				SWIFT_COMPILATION_MODE = wholemodule;
				SWIFT_OPTIMIZATION_LEVEL = "-O";
				SWIFT_VERSION = 5.0;
			};
			name = Release;
		};
		F1602D7E802FF473B16562A0 /* Release */ = {
			isa = XCBuildConfiguration;
			buildSettings = {
				CODE_SIGN_IDENTITY = "";
				COMBINE_HIDPI_IMAGES = YES;
				CURRENT_PROJECT_VERSION = 1;
				DEFINES_MODULE = YES;
				DYLIB_COMPATIBILITY_VERSION = 1;
				DYLIB_CURRENT_VERSION = 1;
				DYLIB_INSTALL_NAME_BASE = "@rpath";
				GENERATE_INFOPLIST_FILE = YES;
				INSTALL_PATH = "$(LOCAL_LIBRARY_DIR)/Frameworks";
				LD_RUNPATH_SEARCH_PATHS = (
					"$(inherited)",
					"@executable_path/../Frameworks",
				);
				PRODUCT_BUNDLE_IDENTIFIER = com.rafacst.supersubmitter.submitkit;
				SDKROOT = macosx;
				SKIP_INSTALL = YES;
				SWIFT_VERSION = 6.0;
				VERSIONING_SYSTEM = "apple-generic";
			};
			name = Release;
		};
		F9A34B4C725FE843DA546C00 /* Release */ = {
			isa = XCBuildConfiguration;
			buildSettings = {
				BUNDLE_LOADER = "$(TEST_HOST)";
				COMBINE_HIDPI_IMAGES = YES;
				GENERATE_INFOPLIST_FILE = YES;
				LD_RUNPATH_SEARCH_PATHS = (
					"$(inherited)",
					"@executable_path/../Frameworks",
					"@loader_path/../Frameworks",
				);
				SDKROOT = macosx;
				TEST_HOST = "$(BUILT_PRODUCTS_DIR)/SuperSubmitter.app/Contents/MacOS/SuperSubmitter";
			};
			name = Release;
		};
		FEEA455A6D7A5B811C8B5BA9 /* Debug */ = {
			isa = XCBuildConfiguration;
			buildSettings = {
				ALWAYS_SEARCH_USER_PATHS = NO;
				CLANG_ANALYZER_NONNULL = YES;
				CLANG_ANALYZER_NUMBER_OBJECT_CONVERSION = YES_AGGRESSIVE;
				CLANG_CXX_LANGUAGE_STANDARD = "gnu++14";
				CLANG_CXX_LIBRARY = "libc++";
				CLANG_ENABLE_MODULES = YES;
				CLANG_ENABLE_OBJC_ARC = YES;
				CLANG_ENABLE_OBJC_WEAK = YES;
				CLANG_WARN_BLOCK_CAPTURE_AUTORELEASING = YES;
				CLANG_WARN_BOOL_CONVERSION = YES;
				CLANG_WARN_COMMA = YES;
				CLANG_WARN_CONSTANT_CONVERSION = YES;
				CLANG_WARN_DEPRECATED_OBJC_IMPLEMENTATIONS = YES;
				CLANG_WARN_DIRECT_OBJC_ISA_USAGE = YES_ERROR;
				CLANG_WARN_DOCUMENTATION_COMMENTS = YES;
				CLANG_WARN_EMPTY_BODY = YES;
				CLANG_WARN_ENUM_CONVERSION = YES;
				CLANG_WARN_INFINITE_RECURSION = YES;
				CLANG_WARN_INT_CONVERSION = YES;
				CLANG_WARN_NON_LITERAL_NULL_CONVERSION = YES;
				CLANG_WARN_OBJC_IMPLICIT_RETAIN_SELF = YES;
				CLANG_WARN_OBJC_LITERAL_CONVERSION = YES;
				CLANG_WARN_OBJC_ROOT_CLASS = YES_ERROR;
				CLANG_WARN_QUOTED_INCLUDE_IN_FRAMEWORK_HEADER = YES;
				CLANG_WARN_RANGE_LOOP_ANALYSIS = YES;
				CLANG_WARN_STRICT_PROTOTYPES = YES;
				CLANG_WARN_SUSPICIOUS_MOVE = YES;
				CLANG_WARN_UNGUARDED_AVAILABILITY = YES_AGGRESSIVE;
				CLANG_WARN_UNREACHABLE_CODE = YES;
				CLANG_WARN__DUPLICATE_METHOD_MATCH = YES;
				COPY_PHASE_STRIP = NO;
				DEBUG_INFORMATION_FORMAT = dwarf;
				ENABLE_STRICT_OBJC_MSGSEND = YES;
				ENABLE_TESTABILITY = YES;
				GCC_C_LANGUAGE_STANDARD = gnu11;
				GCC_DYNAMIC_NO_PIC = NO;
				GCC_NO_COMMON_BLOCKS = YES;
				GCC_OPTIMIZATION_LEVEL = 0;
				GCC_PREPROCESSOR_DEFINITIONS = (
					"$(inherited)",
					"DEBUG=1",
				);
				GCC_WARN_64_TO_32_BIT_CONVERSION = YES;
				GCC_WARN_ABOUT_RETURN_TYPE = YES_ERROR;
				GCC_WARN_UNDECLARED_SELECTOR = YES;
				GCC_WARN_UNINITIALIZED_AUTOS = YES_AGGRESSIVE;
				GCC_WARN_UNUSED_FUNCTION = YES;
				GCC_WARN_UNUSED_VARIABLE = YES;
				MACOSX_DEPLOYMENT_TARGET = 14.0;
				MTL_ENABLE_DEBUG_INFO = INCLUDE_SOURCE;
				MTL_FAST_MATH = YES;
				ONLY_ACTIVE_ARCH = YES;
				PRODUCT_NAME = "$(TARGET_NAME)";
				SDKROOT = macosx;
				SWIFT_ACTIVE_COMPILATION_CONDITIONS = DEBUG;
				SWIFT_OPTIMIZATION_LEVEL = "-Onone";
				SWIFT_VERSION = 5.0;
			};
			name = Debug;
		};
/* End XCBuildConfiguration section */

/* Begin XCConfigurationList section */
		061B6E9C17C365932682023B /* Build configuration list for PBXNativeTarget "SubmitKit" */ = {
			isa = XCConfigurationList;
			buildConfigurations = (
				67DACF62D5F688C9730C926E /* Debug */,
				F1602D7E802FF473B16562A0 /* Release */,
			);
			defaultConfigurationIsVisible = 0;
			defaultConfigurationName = Debug;
		};
		405AA6BC495765C771CA0787 /* Build configuration list for PBXNativeTarget "SuperSubmitterUITests" */ = {
			isa = XCConfigurationList;
			buildConfigurations = (
				C102F2DB0B41EF18315B2C47 /* Debug */,
				F9A34B4C725FE843DA546C00 /* Release */,
			);
			defaultConfigurationIsVisible = 0;
			defaultConfigurationName = Debug;
		};
		BA8EBF351BA710842DF61139 /* Build configuration list for PBXNativeTarget "SubmitKitTests" */ = {
			isa = XCConfigurationList;
			buildConfigurations = (
				5668BDCE8DEDD72B849BE688 /* Debug */,
				70EA211CE90F3486AFD9F2F4 /* Release */,
			);
			defaultConfigurationIsVisible = 0;
			defaultConfigurationName = Debug;
		};
		D7617BB5D83DAD593F2A09DD /* Build configuration list for PBXProject "SuperSubmitter" */ = {
			isa = XCConfigurationList;
			buildConfigurations = (
				FEEA455A6D7A5B811C8B5BA9 /* Debug */,
				E7D4C1859CD888A955C2F685 /* Release */,
			);
			defaultConfigurationIsVisible = 0;
			defaultConfigurationName = Debug;
		};
		EE6682604731B31DC00725BC /* Build configuration list for PBXNativeTarget "SuperSubmitter" */ = {
			isa = XCConfigurationList;
			buildConfigurations = (
				1B49F2DC4F46A2E456449C45 /* Debug */,
				958C1E133767955DAF75BAEB /* Release */,
			);
			defaultConfigurationIsVisible = 0;
			defaultConfigurationName = Debug;
		};
/* End XCConfigurationList section */

/* Begin XCRemoteSwiftPackageReference section */
		7DB371C11FA1713DA7E42F06 /* XCRemoteSwiftPackageReference "Yams" */ = {
			isa = XCRemoteSwiftPackageReference;
			repositoryURL = "https://github.com/jpsim/Yams.git";
			requirement = {
				kind = upToNextMajorVersion;
				minimumVersion = 5.1.0;
			};
		};
		D0A14FD51D98974A7729EA4E /* XCRemoteSwiftPackageReference "posthog-ios" */ = {
			isa = XCRemoteSwiftPackageReference;
			repositoryURL = "https://github.com/PostHog/posthog-ios.git";
			requirement = {
				kind = upToNextMajorVersion;
				minimumVersion = 3.59.3;
			};
		};
/* End XCRemoteSwiftPackageReference section */

/* Begin XCSwiftPackageProductDependency section */
		3E24EFA40C6001AC87CB30E8 /* Yams */ = {
			isa = XCSwiftPackageProductDependency;
			package = 7DB371C11FA1713DA7E42F06 /* XCRemoteSwiftPackageReference "Yams" */;
			productName = Yams;
		};
		CF7B2BCCCD28B1CC68E61CC0 /* PostHog */ = {
			isa = XCSwiftPackageProductDependency;
			package = D0A14FD51D98974A7729EA4E /* XCRemoteSwiftPackageReference "posthog-ios" */;
			productName = PostHog;
		};
/* End XCSwiftPackageProductDependency section */
	};
	rootObject = 470C0D958386F6F4FB8D7F92 /* Project object */;
}
